
Microsoft Visual Studio Solution File, Format Version 12.00
# Visual Studio Version 17
VisualStudioVersion = 17.0.31825.309
MinimumVisualStudioVersion = 10.0.40219.1
Project("{2150E333-8FDC-42A3-9474-1A3956D46DE8}") = "Document", "Document", "{477B8BEA-E4AC-45C7-BF3A-7ED0FCE866B6}"
	ProjectSection(SolutionItems) = preProject
		.dockerignore = .dockerignore
		.gitattributes = .gitattributes
		.gitignore = .gitignore
		.gitpod.yml = .gitpod.yml
		LICENSE = LICENSE
		NuGet.Config = NuGet.Config
		README.md = README.md
	EndProjectSection
EndProject
Project("{2150E333-8FDC-42A3-9474-1A3956D46DE8}") = "Example", "Example", "{F7468C1D-D4A8-4543-857C-F1FF36578445}"
EndProject
Project("{2150E333-8FDC-42A3-9474-1A3956D46DE8}") = "Web", "Web", "{C6718FBC-D1ED-4C89-B754-0EE8DC1C66DE}"
EndProject
Project("{2150E333-8FDC-42A3-9474-1A3956D46DE8}") = "WinForm", "WinForm", "{C0379448-4EC5-4C27-AA41-67E317A69CA9}"
EndProject
Project("{2150E333-8FDC-42A3-9474-1A3956D46DE8}") = "Other", "Other", "{CEEC9CD1-BAD9-4A13-837B-F52143BF7BBB}"
EndProject
Project("{2150E333-8FDC-42A3-9474-1A3956D46DE8}") = "VisualStudioExtend", "VisualStudioExtend", "{FBB52100-15A2-4ACB-943F-CC16824A8B61}"
EndProject
Project("{2150E333-8FDC-42A3-9474-1A3956D46DE8}") = "WorkProject", "WorkProject", "{8C978956-E585-4ADC-8419-B3E2C6193889}"
EndProject
Project("{2150E333-8FDC-42A3-9474-1A3956D46DE8}") = "WeChaty", "WeChaty", "{97EE5C9C-7CA0-47FC-B4A4-4812C6BC325F}"
EndProject
Project("{2150E333-8FDC-42A3-9474-1A3956D46DE8}") = "Razor", "Razor", "{009AEAA3-17C2-4B24-9889-53E703031DE2}"
EndProject
Project("{2150E333-8FDC-42A3-9474-1A3956D46DE8}") = "Nuget.Server", "Nuget.Server", "{CCD3CD05-D1D0-4266-88C5-B4A7446734B2}"
EndProject
Project("{2150E333-8FDC-42A3-9474-1A3956D46DE8}") = "DCWriter", "DCWriter", "{E42A75EE-EC43-4CF9-8E8C-AF4AF605D2B6}"
EndProject
Project("{2150E333-8FDC-42A3-9474-1A3956D46DE8}") = "HCView", "HCView", "{27B26CF1-84C0-46BA-AC61-E4C90C98907C}"
EndProject
Project("{2150E333-8FDC-42A3-9474-1A3956D46DE8}") = "Miniblink", "Miniblink", "{9AD568C1-B179-43AA-8BBE-4F32CD016312}"
EndProject
Project("{2150E333-8FDC-42A3-9474-1A3956D46DE8}") = "ZYTextDocumentLib", "ZYTextDocumentLib", "{A141D3B3-4B9A-4805-9401-BF14E3D4890F}"
EndProject
Project("{2150E333-8FDC-42A3-9474-1A3956D46DE8}") = "TextRuler", "TextRuler", "{886A9353-9FBA-44E1-96F3-BC8B1F57DEE7}"
EndProject
Project("{2150E333-8FDC-42A3-9474-1A3956D46DE8}") = "YidanSoft.Library.EmrEditor", "YidanSoft.Library.EmrEditor", "{63E970A9-2FBD-49D5-B301-21863F235B74}"
EndProject
Project("{2150E333-8FDC-42A3-9474-1A3956D46DE8}") = "DeskBand", "DeskBand", "{7C5F474D-8EBC-4807-A676-5FBC35172623}"
EndProject
Project("{2150E333-8FDC-42A3-9474-1A3956D46DE8}") = "SharpDX", "SharpDX", "{97627627-CA90-4749-9532-0BA20C633021}"
EndProject
Project("{2150E333-8FDC-42A3-9474-1A3956D46DE8}") = "DevExpress", "DevExpress", "{E21BBCCD-D0DA-4536-AA79-589298FA027E}"
EndProject
Project("{2150E333-8FDC-42A3-9474-1A3956D46DE8}") = "Editor", "Editor", "{3B967AEA-B805-49D1-A7BA-87D40C73D3F5}"
EndProject
Project("{9A19103F-16F7-4668-BE54-9A1E7A4F7556}") = "HDF.Framework.Text", "HDF.Framework.Text\HDF.Framework.Text.csproj", "{B390CCFF-051A-4E24-AF54-6E0EA3724141}"
EndProject
Project("{9A19103F-16F7-4668-BE54-9A1E7A4F7556}") = "HDF.Core.WebApi", "HDF.Core.WebApi\HDF.Core.WebApi.csproj", "{4B814BE6-B478-48D1-B9E7-7DC4A464A610}"
EndProject
Project("{9A19103F-16F7-4668-BE54-9A1E7A4F7556}") = "WinFormsApp1", "WinFormsApp1\WinFormsApp1.csproj", "{B9207D0A-0731-4F32-B404-267AF270E42B}"
EndProject
Project("{FAE04EC0-301F-11D3-BF4B-00C04F79EFBC}") = "HDF.VSExtend.Test", "Example\Other\VisualStudioExtend\HDF.VSExtend.Test\HDF.VSExtend.Test.csproj", "{645FEAB0-F992-4932-9A6D-85105096B56C}"
EndProject
Project("{FAE04EC0-301F-11D3-BF4B-00C04F79EFBC}") = "DB_InfoTable_DataRepair", "Example\Other\WorkProject\DB_InfoTable_DataRepair\DB_InfoTable_DataRepair.csproj", "{1483622D-BC22-46D1-A639-55F8CE59804A}"
EndProject
Project("{FAE04EC0-301F-11D3-BF4B-00C04F79EFBC}") = "DB_RecordDetail_DataGenerate", "Example\Other\WorkProject\DB_RecordDetail_DataGenerate\DB_RecordDetail_DataGenerate.csproj", "{4FE79E47-DC77-4B0E-9250-3733AE67BA3E}"
EndProject
Project("{FAE04EC0-301F-11D3-BF4B-00C04F79EFBC}") = "HDF.Nuget.Server", "Example\Web\Nuget.Server\HDF.Nuget.Server\HDF.Nuget.Server.csproj", "{317C4C86-337B-4EF2-AC53-576F85B105DE}"
EndProject
Project("{FAE04EC0-301F-11D3-BF4B-00C04F79EFBC}") = "WeChaty.Test", "Example\Web\WeChaty\WeChaty.Test\WeChaty.Test.csproj", "{6BF53DB5-EE64-47EC-8667-18F2E2542C7A}"
EndProject
Project("{FAE04EC0-301F-11D3-BF4B-00C04F79EFBC}") = "DCSoft.Writer", "Example\WinForm\Editor\DCWriter\DCSoft.Writer.Cleaned\DCSoft.Writer.csproj", "{4ED3CDE9-FF3A-4461-9282-D42737D8CFEA}"
EndProject
Project("{FAE04EC0-301F-11D3-BF4B-00C04F79EFBC}") = "DCSoft.WinFormDemo", "Example\WinForm\Editor\DCWriter\DCSoft.WinFormDemo\DCSoft.WinFormDemo.csproj", "{4219BC56-BBD5-4958-AC62-7B629C6D642B}"
EndProject
Project("{FAE04EC0-301F-11D3-BF4B-00C04F79EFBC}") = "HCView", "Example\WinForm\Editor\HCView\Source\HCView.csproj", "{101C0F99-3772-4F26-8F49-D753AE54A251}"
EndProject
Project("{FAE04EC0-301F-11D3-BF4B-00C04F79EFBC}") = "HCViewDemo", "Example\WinForm\Editor\HCView\Demo\HCView\HCViewDemo.csproj", "{BE207AF6-E224-416E-93AE-3A3292E864B0}"
EndProject
Project("{FAE04EC0-301F-11D3-BF4B-00C04F79EFBC}") = "EMRViewDemo", "Example\WinForm\Editor\HCView\Demo\EMRView\EMRViewDemo.csproj", "{427EC7B8-CBF1-4C50-ABFD-7A3A3B1892C0}"
EndProject
Project("{FAE04EC0-301F-11D3-BF4B-00C04F79EFBC}") = "HDF.Miniblink", "Example\WinForm\Miniblink\HDF.Miniblink\HDF.Miniblink.csproj", "{169600C4-03AF-4148-95BC-8ADD79FB5D58}"
EndProject
Project("{FAE04EC0-301F-11D3-BF4B-00C04F79EFBC}") = "Miniblink", "Example\WinForm\Miniblink\Miniblink\Miniblink.csproj", "{0AC04EDC-D2C7-4AB0-BE34-E61A565CDE78}"
EndProject
Project("{FAE04EC0-301F-11D3-BF4B-00C04F79EFBC}") = "Miniblink.Demo", "Example\WinForm\Miniblink\Miniblink.Demo\Miniblink.Demo.csproj", "{D698CAA6-E2AD-42E2-9163-64AE9A85A26E}"
EndProject
Project("{FAE04EC0-301F-11D3-BF4B-00C04F79EFBC}") = "ZYTextDocumentLib", "Example\WinForm\Editor\ZYTextDocumentLib\ZYTextDocumentLib.csproj", "{DC713C80-8DA5-40C4-85CD-E0B3169B009C}"
EndProject
Project("{FAE04EC0-301F-11D3-BF4B-00C04F79EFBC}") = "TextRuler", "Example\WinForm\Editor\TextRuler\TextRuler.csproj", "{2B29C912-8BDA-4260-A486-111BECCCC196}"
EndProject
Project("{FAE04EC0-301F-11D3-BF4B-00C04F79EFBC}") = "YidanSoft.Library.EmrEditor", "Example\WinForm\Editor\YidanSoft.Library.EmrEditor\YidanSoft.Library.EmrEditor.csproj", "{4E80B653-B228-4605-891B-04A36ACE2258}"
EndProject
Project("{FAE04EC0-301F-11D3-BF4B-00C04F79EFBC}") = "TaskbarSampleExt", "Example\WinForm\DeskBand\TaskbarSampleExt\TaskbarSampleExt.csproj", "{1BC0858E-E1DE-4F97-B8CB-90F731AB07F6}"
EndProject
Project("{9A19103F-16F7-4668-BE54-9A1E7A4F7556}") = "HDF.DeskBand", "Example\WinForm\DeskBand\HDF.DeskBand\HDF.DeskBand.csproj", "{13C54E97-9E04-42A2-87F3-74A916865EE4}"
EndProject
Project("{9A19103F-16F7-4668-BE54-9A1E7A4F7556}") = "SharpDX.Demo", "Example\WinForm\SharpDX\SharpDX.Demo\SharpDX.Demo.csproj", "{94A1C8AF-FB8F-4905-937D-87B484314EEA}"
EndProject
Project("{9A19103F-16F7-4668-BE54-9A1E7A4F7556}") = "WinFormsApp2", "Example\WinForm\DevExpress\WinFormsApp2\WinFormsApp2.csproj", "{B49386F1-CD46-472C-A452-7DF197D9007D}"
EndProject
Project("{2150E333-8FDC-42A3-9474-1A3956D46DE8}") = "Blazor", "Blazor", "{0441F76E-E4E5-40F5-B284-4E83D711D9D0}"
EndProject
Project("{9A19103F-16F7-4668-BE54-9A1E7A4F7556}") = "HDF.Razor.Test", "Example\Web\Razor\HDF.Razor.Test\HDF.Razor.Test.csproj", "{297FB2CF-6946-4A5D-96F1-7D1AAE3BC955}"
EndProject
Project("{2150E333-8FDC-42A3-9474-1A3956D46DE8}") = "MVC", "MVC", "{C5F55A96-C136-4B65-ADC0-78679F13B855}"
EndProject
Project("{9A19103F-16F7-4668-BE54-9A1E7A4F7556}") = "HDF.MVC.Test", "Example\Web\MVC\HDF.MVC.Test\HDF.MVC.Test.csproj", "{837865F0-D3D9-48F0-9DCD-7FAEAAE2D767}"
EndProject
Project("{2150E333-8FDC-42A3-9474-1A3956D46DE8}") = "SpaVue", "SpaVue", "{90CC1463-C682-4B88-A672-0AB6F6844E35}"
EndProject
Project("{9A19103F-16F7-4668-BE54-9A1E7A4F7556}") = "VueJSDotnet51", "Example\Web\SpaVue\VueJSDotnet51\VueJSDotnet51.csproj", "{0F26F728-D79C-45E3-B0C9-4CC8CA696A4C}"
EndProject
Project("{2150E333-8FDC-42A3-9474-1A3956D46DE8}") = "FrontEnd", "FrontEnd", "{2015C2DC-F913-4652-8F21-64B54F46374B}"
EndProject
Project("{54A90642-561A-4BB1-A94E-469ADEE60C69}") = "vueproject1", "Example\Web\FrontEnd\vueproject1\vueproject1.esproj", "{07AE61BA-3761-49C3-A5D6-809E654F6486}"
EndProject
Project("{FAE04EC0-301F-11D3-BF4B-00C04F79EFBC}") = "BlazorApp1", "Example\Web\Blazor\BlazorApp1\BlazorApp1.csproj", "{CE14154D-EA40-4910-B1A7-BDFE136A02F0}"
EndProject
Project("{2150E333-8FDC-42A3-9474-1A3956D46DE8}") = "Grpc", "Grpc", "{0DAA82E4-AEBD-43C1-A6D6-9BE07A6BBA48}"
EndProject
Project("{9A19103F-16F7-4668-BE54-9A1E7A4F7556}") = "Grpc.Service.Test", "Example\Web\Grpc\Grpc.Service.Test\Grpc.Service.Test.csproj", "{AA0CE9A9-0EA9-4A93-BCC2-8E1A7075A4BD}"
EndProject
Global
	GlobalSection(SolutionConfigurationPlatforms) = preSolution
		Debug|Any CPU = Debug|Any CPU
		Debug|x64 = Debug|x64
		Debug|x86 = Debug|x86
		Release|Any CPU = Release|Any CPU
		Release|x64 = Release|x64
		Release|x86 = Release|x86
	EndGlobalSection
	GlobalSection(ProjectConfigurationPlatforms) = postSolution
		{B390CCFF-051A-4E24-AF54-6E0EA3724141}.Debug|Any CPU.ActiveCfg = Debug|Any CPU
		{B390CCFF-051A-4E24-AF54-6E0EA3724141}.Debug|Any CPU.Build.0 = Debug|Any CPU
		{B390CCFF-051A-4E24-AF54-6E0EA3724141}.Debug|x64.ActiveCfg = Debug|Any CPU
		{B390CCFF-051A-4E24-AF54-6E0EA3724141}.Debug|x64.Build.0 = Debug|Any CPU
		{B390CCFF-051A-4E24-AF54-6E0EA3724141}.Debug|x86.ActiveCfg = Debug|Any CPU
		{B390CCFF-051A-4E24-AF54-6E0EA3724141}.Debug|x86.Build.0 = Debug|Any CPU
		{B390CCFF-051A-4E24-AF54-6E0EA3724141}.Release|Any CPU.ActiveCfg = Release|Any CPU
		{B390CCFF-051A-4E24-AF54-6E0EA3724141}.Release|Any CPU.Build.0 = Release|Any CPU
		{B390CCFF-051A-4E24-AF54-6E0EA3724141}.Release|x64.ActiveCfg = Release|Any CPU
		{B390CCFF-051A-4E24-AF54-6E0EA3724141}.Release|x64.Build.0 = Release|Any CPU
		{B390CCFF-051A-4E24-AF54-6E0EA3724141}.Release|x86.ActiveCfg = Release|Any CPU
		{B390CCFF-051A-4E24-AF54-6E0EA3724141}.Release|x86.Build.0 = Release|Any CPU
		{4B814BE6-B478-48D1-B9E7-7DC4A464A610}.Debug|Any CPU.ActiveCfg = Debug|Any CPU
		{4B814BE6-B478-48D1-B9E7-7DC4A464A610}.Debug|Any CPU.Build.0 = Debug|Any CPU
		{4B814BE6-B478-48D1-B9E7-7DC4A464A610}.Debug|x64.ActiveCfg = Debug|Any CPU
		{4B814BE6-B478-48D1-B9E7-7DC4A464A610}.Debug|x64.Build.0 = Debug|Any CPU
		{4B814BE6-B478-48D1-B9E7-7DC4A464A610}.Debug|x86.ActiveCfg = Debug|Any CPU
		{4B814BE6-B478-48D1-B9E7-7DC4A464A610}.Debug|x86.Build.0 = Debug|Any CPU
		{4B814BE6-B478-48D1-B9E7-7DC4A464A610}.Release|Any CPU.ActiveCfg = Release|Any CPU
		{4B814BE6-B478-48D1-B9E7-7DC4A464A610}.Release|Any CPU.Build.0 = Release|Any CPU
		{4B814BE6-B478-48D1-B9E7-7DC4A464A610}.Release|x64.ActiveCfg = Release|Any CPU
		{4B814BE6-B478-48D1-B9E7-7DC4A464A610}.Release|x64.Build.0 = Release|Any CPU
		{4B814BE6-B478-48D1-B9E7-7DC4A464A610}.Release|x86.ActiveCfg = Release|Any CPU
		{4B814BE6-B478-48D1-B9E7-7DC4A464A610}.Release|x86.Build.0 = Release|Any CPU
		{B9207D0A-0731-4F32-B404-267AF270E42B}.Debug|Any CPU.ActiveCfg = Debug|Any CPU
		{B9207D0A-0731-4F32-B404-267AF270E42B}.Debug|Any CPU.Build.0 = Debug|Any CPU
		{B9207D0A-0731-4F32-B404-267AF270E42B}.Debug|x64.ActiveCfg = Debug|Any CPU
		{B9207D0A-0731-4F32-B404-267AF270E42B}.Debug|x64.Build.0 = Debug|Any CPU
		{B9207D0A-0731-4F32-B404-267AF270E42B}.Debug|x86.ActiveCfg = Debug|Any CPU
		{B9207D0A-0731-4F32-B404-267AF270E42B}.Debug|x86.Build.0 = Debug|Any CPU
		{B9207D0A-0731-4F32-B404-267AF270E42B}.Release|Any CPU.ActiveCfg = Release|Any CPU
		{B9207D0A-0731-4F32-B404-267AF270E42B}.Release|Any CPU.Build.0 = Release|Any CPU
		{B9207D0A-0731-4F32-B404-267AF270E42B}.Release|x64.ActiveCfg = Release|Any CPU
		{B9207D0A-0731-4F32-B404-267AF270E42B}.Release|x64.Build.0 = Release|Any CPU
		{B9207D0A-0731-4F32-B404-267AF270E42B}.Release|x86.ActiveCfg = Release|Any CPU
		{B9207D0A-0731-4F32-B404-267AF270E42B}.Release|x86.Build.0 = Release|Any CPU
		{645FEAB0-F992-4932-9A6D-85105096B56C}.Debug|Any CPU.ActiveCfg = Debug|Any CPU
		{645FEAB0-F992-4932-9A6D-85105096B56C}.Debug|Any CPU.Build.0 = Debug|Any CPU
		{645FEAB0-F992-4932-9A6D-85105096B56C}.Debug|x64.ActiveCfg = Debug|Any CPU
		{645FEAB0-F992-4932-9A6D-85105096B56C}.Debug|x64.Build.0 = Debug|Any CPU
		{645FEAB0-F992-4932-9A6D-85105096B56C}.Debug|x86.ActiveCfg = Debug|Any CPU
		{645FEAB0-F992-4932-9A6D-85105096B56C}.Debug|x86.Build.0 = Debug|Any CPU
		{645FEAB0-F992-4932-9A6D-85105096B56C}.Release|Any CPU.ActiveCfg = Release|Any CPU
		{645FEAB0-F992-4932-9A6D-85105096B56C}.Release|Any CPU.Build.0 = Release|Any CPU
		{645FEAB0-F992-4932-9A6D-85105096B56C}.Release|x64.ActiveCfg = Release|Any CPU
		{645FEAB0-F992-4932-9A6D-85105096B56C}.Release|x64.Build.0 = Release|Any CPU
		{645FEAB0-F992-4932-9A6D-85105096B56C}.Release|x86.ActiveCfg = Release|Any CPU
		{645FEAB0-F992-4932-9A6D-85105096B56C}.Release|x86.Build.0 = Release|Any CPU
		{1483622D-BC22-46D1-A639-55F8CE59804A}.Debug|Any CPU.ActiveCfg = Debug|Any CPU
		{1483622D-BC22-46D1-A639-55F8CE59804A}.Debug|Any CPU.Build.0 = Debug|Any CPU
		{1483622D-BC22-46D1-A639-55F8CE59804A}.Debug|x64.ActiveCfg = Debug|Any CPU
		{1483622D-BC22-46D1-A639-55F8CE59804A}.Debug|x64.Build.0 = Debug|Any CPU
		{1483622D-BC22-46D1-A639-55F8CE59804A}.Debug|x86.ActiveCfg = Debug|Any CPU
		{1483622D-BC22-46D1-A639-55F8CE59804A}.Debug|x86.Build.0 = Debug|Any CPU
		{1483622D-BC22-46D1-A639-55F8CE59804A}.Release|Any CPU.ActiveCfg = Release|Any CPU
		{1483622D-BC22-46D1-A639-55F8CE59804A}.Release|Any CPU.Build.0 = Release|Any CPU
		{1483622D-BC22-46D1-A639-55F8CE59804A}.Release|x64.ActiveCfg = Release|Any CPU
		{1483622D-BC22-46D1-A639-55F8CE59804A}.Release|x64.Build.0 = Release|Any CPU
		{1483622D-BC22-46D1-A639-55F8CE59804A}.Release|x86.ActiveCfg = Release|Any CPU
		{1483622D-BC22-46D1-A639-55F8CE59804A}.Release|x86.Build.0 = Release|Any CPU
		{4FE79E47-DC77-4B0E-9250-3733AE67BA3E}.Debug|Any CPU.ActiveCfg = Debug|Any CPU
		{4FE79E47-DC77-4B0E-9250-3733AE67BA3E}.Debug|Any CPU.Build.0 = Debug|Any CPU
		{4FE79E47-DC77-4B0E-9250-3733AE67BA3E}.Debug|x64.ActiveCfg = Debug|Any CPU
		{4FE79E47-DC77-4B0E-9250-3733AE67BA3E}.Debug|x64.Build.0 = Debug|Any CPU
		{4FE79E47-DC77-4B0E-9250-3733AE67BA3E}.Debug|x86.ActiveCfg = Debug|Any CPU
		{4FE79E47-DC77-4B0E-9250-3733AE67BA3E}.Debug|x86.Build.0 = Debug|Any CPU
		{4FE79E47-DC77-4B0E-9250-3733AE67BA3E}.Release|Any CPU.ActiveCfg = Release|Any CPU
		{4FE79E47-DC77-4B0E-9250-3733AE67BA3E}.Release|Any CPU.Build.0 = Release|Any CPU
		{4FE79E47-DC77-4B0E-9250-3733AE67BA3E}.Release|x64.ActiveCfg = Release|Any CPU
		{4FE79E47-DC77-4B0E-9250-3733AE67BA3E}.Release|x64.Build.0 = Release|Any CPU
		{4FE79E47-DC77-4B0E-9250-3733AE67BA3E}.Release|x86.ActiveCfg = Release|Any CPU
		{4FE79E47-DC77-4B0E-9250-3733AE67BA3E}.Release|x86.Build.0 = Release|Any CPU
		{317C4C86-337B-4EF2-AC53-576F85B105DE}.Debug|Any CPU.ActiveCfg = Debug|Any CPU
		{317C4C86-337B-4EF2-AC53-576F85B105DE}.Debug|Any CPU.Build.0 = Debug|Any CPU
		{317C4C86-337B-4EF2-AC53-576F85B105DE}.Debug|x64.ActiveCfg = Debug|Any CPU
		{317C4C86-337B-4EF2-AC53-576F85B105DE}.Debug|x64.Build.0 = Debug|Any CPU
		{317C4C86-337B-4EF2-AC53-576F85B105DE}.Debug|x86.ActiveCfg = Debug|Any CPU
		{317C4C86-337B-4EF2-AC53-576F85B105DE}.Debug|x86.Build.0 = Debug|Any CPU
		{317C4C86-337B-4EF2-AC53-576F85B105DE}.Release|Any CPU.ActiveCfg = Release|Any CPU
		{317C4C86-337B-4EF2-AC53-576F85B105DE}.Release|Any CPU.Build.0 = Release|Any CPU
		{317C4C86-337B-4EF2-AC53-576F85B105DE}.Release|x64.ActiveCfg = Release|Any CPU
		{317C4C86-337B-4EF2-AC53-576F85B105DE}.Release|x64.Build.0 = Release|Any CPU
		{317C4C86-337B-4EF2-AC53-576F85B105DE}.Release|x86.ActiveCfg = Release|Any CPU
		{317C4C86-337B-4EF2-AC53-576F85B105DE}.Release|x86.Build.0 = Release|Any CPU
		{6BF53DB5-EE64-47EC-8667-18F2E2542C7A}.Debug|Any CPU.ActiveCfg = Debug|Any CPU
		{6BF53DB5-EE64-47EC-8667-18F2E2542C7A}.Debug|Any CPU.Build.0 = Debug|Any CPU
		{6BF53DB5-EE64-47EC-8667-18F2E2542C7A}.Debug|x64.ActiveCfg = Debug|Any CPU
		{6BF53DB5-EE64-47EC-8667-18F2E2542C7A}.Debug|x64.Build.0 = Debug|Any CPU
		{6BF53DB5-EE64-47EC-8667-18F2E2542C7A}.Debug|x86.ActiveCfg = Debug|Any CPU
		{6BF53DB5-EE64-47EC-8667-18F2E2542C7A}.Debug|x86.Build.0 = Debug|Any CPU
		{6BF53DB5-EE64-47EC-8667-18F2E2542C7A}.Release|Any CPU.ActiveCfg = Release|Any CPU
		{6BF53DB5-EE64-47EC-8667-18F2E2542C7A}.Release|Any CPU.Build.0 = Release|Any CPU
		{6BF53DB5-EE64-47EC-8667-18F2E2542C7A}.Release|x64.ActiveCfg = Release|Any CPU
		{6BF53DB5-EE64-47EC-8667-18F2E2542C7A}.Release|x64.Build.0 = Release|Any CPU
		{6BF53DB5-EE64-47EC-8667-18F2E2542C7A}.Release|x86.ActiveCfg = Release|Any CPU
		{6BF53DB5-EE64-47EC-8667-18F2E2542C7A}.Release|x86.Build.0 = Release|Any CPU
		{4ED3CDE9-FF3A-4461-9282-D42737D8CFEA}.Debug|Any CPU.ActiveCfg = Debug|Any CPU
		{4ED3CDE9-FF3A-4461-9282-D42737D8CFEA}.Debug|Any CPU.Build.0 = Debug|Any CPU
		{4ED3CDE9-FF3A-4461-9282-D42737D8CFEA}.Debug|x64.ActiveCfg = Debug|Any CPU
		{4ED3CDE9-FF3A-4461-9282-D42737D8CFEA}.Debug|x64.Build.0 = Debug|Any CPU
		{4ED3CDE9-FF3A-4461-9282-D42737D8CFEA}.Debug|x86.ActiveCfg = Debug|Any CPU
		{4ED3CDE9-FF3A-4461-9282-D42737D8CFEA}.Debug|x86.Build.0 = Debug|Any CPU
		{4ED3CDE9-FF3A-4461-9282-D42737D8CFEA}.Release|Any CPU.ActiveCfg = Release|Any CPU
		{4ED3CDE9-FF3A-4461-9282-D42737D8CFEA}.Release|Any CPU.Build.0 = Release|Any CPU
		{4ED3CDE9-FF3A-4461-9282-D42737D8CFEA}.Release|x64.ActiveCfg = Release|Any CPU
		{4ED3CDE9-FF3A-4461-9282-D42737D8CFEA}.Release|x64.Build.0 = Release|Any CPU
		{4ED3CDE9-FF3A-4461-9282-D42737D8CFEA}.Release|x86.ActiveCfg = Release|Any CPU
		{4ED3CDE9-FF3A-4461-9282-D42737D8CFEA}.Release|x86.Build.0 = Release|Any CPU
		{4219BC56-BBD5-4958-AC62-7B629C6D642B}.Debug|Any CPU.ActiveCfg = Debug|Any CPU
		{4219BC56-BBD5-4958-AC62-7B629C6D642B}.Debug|Any CPU.Build.0 = Debug|Any CPU
		{4219BC56-BBD5-4958-AC62-7B629C6D642B}.Debug|x64.ActiveCfg = Debug|Any CPU
		{4219BC56-BBD5-4958-AC62-7B629C6D642B}.Debug|x64.Build.0 = Debug|Any CPU
		{4219BC56-BBD5-4958-AC62-7B629C6D642B}.Debug|x86.ActiveCfg = Debug|Any CPU
		{4219BC56-BBD5-4958-AC62-7B629C6D642B}.Debug|x86.Build.0 = Debug|Any CPU
		{4219BC56-BBD5-4958-AC62-7B629C6D642B}.Release|Any CPU.ActiveCfg = Release|Any CPU
		{4219BC56-BBD5-4958-AC62-7B629C6D642B}.Release|Any CPU.Build.0 = Release|Any CPU
		{4219BC56-BBD5-4958-AC62-7B629C6D642B}.Release|x64.ActiveCfg = Release|Any CPU
		{4219BC56-BBD5-4958-AC62-7B629C6D642B}.Release|x64.Build.0 = Release|Any CPU
		{4219BC56-BBD5-4958-AC62-7B629C6D642B}.Release|x86.ActiveCfg = Release|Any CPU
		{4219BC56-BBD5-4958-AC62-7B629C6D642B}.Release|x86.Build.0 = Release|Any CPU
		{101C0F99-3772-4F26-8F49-D753AE54A251}.Debug|Any CPU.ActiveCfg = Debug|Any CPU
		{101C0F99-3772-4F26-8F49-D753AE54A251}.Debug|Any CPU.Build.0 = Debug|Any CPU
		{101C0F99-3772-4F26-8F49-D753AE54A251}.Debug|x64.ActiveCfg = Debug|Any CPU
		{101C0F99-3772-4F26-8F49-D753AE54A251}.Debug|x64.Build.0 = Debug|Any CPU
		{101C0F99-3772-4F26-8F49-D753AE54A251}.Debug|x86.ActiveCfg = Debug|x86
		{101C0F99-3772-4F26-8F49-D753AE54A251}.Debug|x86.Build.0 = Debug|x86
		{101C0F99-3772-4F26-8F49-D753AE54A251}.Release|Any CPU.ActiveCfg = Release|Any CPU
		{101C0F99-3772-4F26-8F49-D753AE54A251}.Release|Any CPU.Build.0 = Release|Any CPU
		{101C0F99-3772-4F26-8F49-D753AE54A251}.Release|x64.ActiveCfg = Release|Any CPU
		{101C0F99-3772-4F26-8F49-D753AE54A251}.Release|x64.Build.0 = Release|Any CPU
		{101C0F99-3772-4F26-8F49-D753AE54A251}.Release|x86.ActiveCfg = Release|x86
		{101C0F99-3772-4F26-8F49-D753AE54A251}.Release|x86.Build.0 = Release|x86
		{BE207AF6-E224-416E-93AE-3A3292E864B0}.Debug|Any CPU.ActiveCfg = Debug|x86
		{BE207AF6-E224-416E-93AE-3A3292E864B0}.Debug|x64.ActiveCfg = Debug|x86
		{BE207AF6-E224-416E-93AE-3A3292E864B0}.Debug|x86.ActiveCfg = Debug|x86
		{BE207AF6-E224-416E-93AE-3A3292E864B0}.Debug|x86.Build.0 = Debug|x86
		{BE207AF6-E224-416E-93AE-3A3292E864B0}.Release|Any CPU.ActiveCfg = Release|x86
		{BE207AF6-E224-416E-93AE-3A3292E864B0}.Release|x64.ActiveCfg = Release|x86
		{BE207AF6-E224-416E-93AE-3A3292E864B0}.Release|x86.ActiveCfg = Release|x86
		{BE207AF6-E224-416E-93AE-3A3292E864B0}.Release|x86.Build.0 = Release|x86
		{427EC7B8-CBF1-4C50-ABFD-7A3A3B1892C0}.Debug|Any CPU.ActiveCfg = Debug|x86
		{427EC7B8-CBF1-4C50-ABFD-7A3A3B1892C0}.Debug|x64.ActiveCfg = Debug|x86
		{427EC7B8-CBF1-4C50-ABFD-7A3A3B1892C0}.Debug|x86.ActiveCfg = Debug|x86
		{427EC7B8-CBF1-4C50-ABFD-7A3A3B1892C0}.Debug|x86.Build.0 = Debug|x86
		{427EC7B8-CBF1-4C50-ABFD-7A3A3B1892C0}.Release|Any CPU.ActiveCfg = Release|x86
		{427EC7B8-CBF1-4C50-ABFD-7A3A3B1892C0}.Release|x64.ActiveCfg = Release|x86
		{427EC7B8-CBF1-4C50-ABFD-7A3A3B1892C0}.Release|x86.ActiveCfg = Release|x86
		{427EC7B8-CBF1-4C50-ABFD-7A3A3B1892C0}.Release|x86.Build.0 = Release|x86
		{169600C4-03AF-4148-95BC-8ADD79FB5D58}.Debug|Any CPU.ActiveCfg = Debug|Any CPU
		{169600C4-03AF-4148-95BC-8ADD79FB5D58}.Debug|Any CPU.Build.0 = Debug|Any CPU
		{169600C4-03AF-4148-95BC-8ADD79FB5D58}.Debug|x64.ActiveCfg = Debug|Any CPU
		{169600C4-03AF-4148-95BC-8ADD79FB5D58}.Debug|x64.Build.0 = Debug|Any CPU
		{169600C4-03AF-4148-95BC-8ADD79FB5D58}.Debug|x86.ActiveCfg = Debug|Any CPU
		{169600C4-03AF-4148-95BC-8ADD79FB5D58}.Debug|x86.Build.0 = Debug|Any CPU
		{169600C4-03AF-4148-95BC-8ADD79FB5D58}.Release|Any CPU.ActiveCfg = Release|Any CPU
		{169600C4-03AF-4148-95BC-8ADD79FB5D58}.Release|Any CPU.Build.0 = Release|Any CPU
		{169600C4-03AF-4148-95BC-8ADD79FB5D58}.Release|x64.ActiveCfg = Release|Any CPU
		{169600C4-03AF-4148-95BC-8ADD79FB5D58}.Release|x64.Build.0 = Release|Any CPU
		{169600C4-03AF-4148-95BC-8ADD79FB5D58}.Release|x86.ActiveCfg = Release|Any CPU
		{169600C4-03AF-4148-95BC-8ADD79FB5D58}.Release|x86.Build.0 = Release|Any CPU
		{0AC04EDC-D2C7-4AB0-BE34-E61A565CDE78}.Debug|Any CPU.ActiveCfg = Debug|Any CPU
		{0AC04EDC-D2C7-4AB0-BE34-E61A565CDE78}.Debug|Any CPU.Build.0 = Debug|Any CPU
		{0AC04EDC-D2C7-4AB0-BE34-E61A565CDE78}.Debug|x64.ActiveCfg = Debug|Any CPU
		{0AC04EDC-D2C7-4AB0-BE34-E61A565CDE78}.Debug|x64.Build.0 = Debug|Any CPU
		{0AC04EDC-D2C7-4AB0-BE34-E61A565CDE78}.Debug|x86.ActiveCfg = Debug|Any CPU
		{0AC04EDC-D2C7-4AB0-BE34-E61A565CDE78}.Debug|x86.Build.0 = Debug|Any CPU
		{0AC04EDC-D2C7-4AB0-BE34-E61A565CDE78}.Release|Any CPU.ActiveCfg = Release|Any CPU
		{0AC04EDC-D2C7-4AB0-BE34-E61A565CDE78}.Release|Any CPU.Build.0 = Release|Any CPU
		{0AC04EDC-D2C7-4AB0-BE34-E61A565CDE78}.Release|x64.ActiveCfg = Release|Any CPU
		{0AC04EDC-D2C7-4AB0-BE34-E61A565CDE78}.Release|x64.Build.0 = Release|Any CPU
		{0AC04EDC-D2C7-4AB0-BE34-E61A565CDE78}.Release|x86.ActiveCfg = Release|Any CPU
		{0AC04EDC-D2C7-4AB0-BE34-E61A565CDE78}.Release|x86.Build.0 = Release|Any CPU
		{D698CAA6-E2AD-42E2-9163-64AE9A85A26E}.Debug|Any CPU.ActiveCfg = Debug|Any CPU
		{D698CAA6-E2AD-42E2-9163-64AE9A85A26E}.Debug|Any CPU.Build.0 = Debug|Any CPU
		{D698CAA6-E2AD-42E2-9163-64AE9A85A26E}.Debug|x64.ActiveCfg = Debug|Any CPU
		{D698CAA6-E2AD-42E2-9163-64AE9A85A26E}.Debug|x64.Build.0 = Debug|Any CPU
		{D698CAA6-E2AD-42E2-9163-64AE9A85A26E}.Debug|x86.ActiveCfg = Debug|Any CPU
		{D698CAA6-E2AD-42E2-9163-64AE9A85A26E}.Debug|x86.Build.0 = Debug|Any CPU
		{D698CAA6-E2AD-42E2-9163-64AE9A85A26E}.Release|Any CPU.ActiveCfg = Release|Any CPU
		{D698CAA6-E2AD-42E2-9163-64AE9A85A26E}.Release|Any CPU.Build.0 = Release|Any CPU
		{D698CAA6-E2AD-42E2-9163-64AE9A85A26E}.Release|x64.ActiveCfg = Release|Any CPU
		{D698CAA6-E2AD-42E2-9163-64AE9A85A26E}.Release|x64.Build.0 = Release|Any CPU
		{D698CAA6-E2AD-42E2-9163-64AE9A85A26E}.Release|x86.ActiveCfg = Release|Any CPU
		{D698CAA6-E2AD-42E2-9163-64AE9A85A26E}.Release|x86.Build.0 = Release|Any CPU
		{DC713C80-8DA5-40C4-85CD-E0B3169B009C}.Debug|Any CPU.ActiveCfg = Debug|Any CPU
		{DC713C80-8DA5-40C4-85CD-E0B3169B009C}.Debug|Any CPU.Build.0 = Debug|Any CPU
		{DC713C80-8DA5-40C4-85CD-E0B3169B009C}.Debug|x64.ActiveCfg = Debug|Any CPU
		{DC713C80-8DA5-40C4-85CD-E0B3169B009C}.Debug|x64.Build.0 = Debug|Any CPU
		{DC713C80-8DA5-40C4-85CD-E0B3169B009C}.Debug|x86.ActiveCfg = Debug|Any CPU
		{DC713C80-8DA5-40C4-85CD-E0B3169B009C}.Debug|x86.Build.0 = Debug|Any CPU
		{DC713C80-8DA5-40C4-85CD-E0B3169B009C}.Release|Any CPU.ActiveCfg = Release|Any CPU
		{DC713C80-8DA5-40C4-85CD-E0B3169B009C}.Release|Any CPU.Build.0 = Release|Any CPU
		{DC713C80-8DA5-40C4-85CD-E0B3169B009C}.Release|x64.ActiveCfg = Release|Any CPU
		{DC713C80-8DA5-40C4-85CD-E0B3169B009C}.Release|x64.Build.0 = Release|Any CPU
		{DC713C80-8DA5-40C4-85CD-E0B3169B009C}.Release|x86.ActiveCfg = Release|Any CPU
		{DC713C80-8DA5-40C4-85CD-E0B3169B009C}.Release|x86.Build.0 = Release|Any CPU
		{2B29C912-8BDA-4260-A486-111BECCCC196}.Debug|Any CPU.ActiveCfg = Debug|Any CPU
		{2B29C912-8BDA-4260-A486-111BECCCC196}.Debug|Any CPU.Build.0 = Debug|Any CPU
		{2B29C912-8BDA-4260-A486-111BECCCC196}.Debug|x64.ActiveCfg = Debug|Any CPU
		{2B29C912-8BDA-4260-A486-111BECCCC196}.Debug|x64.Build.0 = Debug|Any CPU
		{2B29C912-8BDA-4260-A486-111BECCCC196}.Debug|x86.ActiveCfg = Debug|Any CPU
		{2B29C912-8BDA-4260-A486-111BECCCC196}.Debug|x86.Build.0 = Debug|Any CPU
		{2B29C912-8BDA-4260-A486-111BECCCC196}.Release|Any CPU.ActiveCfg = Release|Any CPU
		{2B29C912-8BDA-4260-A486-111BECCCC196}.Release|Any CPU.Build.0 = Release|Any CPU
		{2B29C912-8BDA-4260-A486-111BECCCC196}.Release|x64.ActiveCfg = Release|Any CPU
		{2B29C912-8BDA-4260-A486-111BECCCC196}.Release|x64.Build.0 = Release|Any CPU
		{2B29C912-8BDA-4260-A486-111BECCCC196}.Release|x86.ActiveCfg = Release|Any CPU
		{2B29C912-8BDA-4260-A486-111BECCCC196}.Release|x86.Build.0 = Release|Any CPU
		{4E80B653-B228-4605-891B-04A36ACE2258}.Debug|Any CPU.ActiveCfg = Debug|Any CPU
		{4E80B653-B228-4605-891B-04A36ACE2258}.Debug|Any CPU.Build.0 = Debug|Any CPU
		{4E80B653-B228-4605-891B-04A36ACE2258}.Debug|x64.ActiveCfg = Debug|Any CPU
		{4E80B653-B228-4605-891B-04A36ACE2258}.Debug|x64.Build.0 = Debug|Any CPU
		{4E80B653-B228-4605-891B-04A36ACE2258}.Debug|x86.ActiveCfg = Debug|Any CPU
		{4E80B653-B228-4605-891B-04A36ACE2258}.Debug|x86.Build.0 = Debug|Any CPU
		{4E80B653-B228-4605-891B-04A36ACE2258}.Release|Any CPU.ActiveCfg = Release|Any CPU
		{4E80B653-B228-4605-891B-04A36ACE2258}.Release|Any CPU.Build.0 = Release|Any CPU
		{4E80B653-B228-4605-891B-04A36ACE2258}.Release|x64.ActiveCfg = Release|Any CPU
		{4E80B653-B228-4605-891B-04A36ACE2258}.Release|x64.Build.0 = Release|Any CPU
		{4E80B653-B228-4605-891B-04A36ACE2258}.Release|x86.ActiveCfg = Release|Any CPU
		{4E80B653-B228-4605-891B-04A36ACE2258}.Release|x86.Build.0 = Release|Any CPU
		{1BC0858E-E1DE-4F97-B8CB-90F731AB07F6}.Debug|Any CPU.ActiveCfg = Debug|Any CPU
		{1BC0858E-E1DE-4F97-B8CB-90F731AB07F6}.Debug|Any CPU.Build.0 = Debug|Any CPU
		{1BC0858E-E1DE-4F97-B8CB-90F731AB07F6}.Debug|x64.ActiveCfg = Debug|Any CPU
		{1BC0858E-E1DE-4F97-B8CB-90F731AB07F6}.Debug|x64.Build.0 = Debug|Any CPU
		{1BC0858E-E1DE-4F97-B8CB-90F731AB07F6}.Debug|x86.ActiveCfg = Debug|Any CPU
		{1BC0858E-E1DE-4F97-B8CB-90F731AB07F6}.Debug|x86.Build.0 = Debug|Any CPU
		{1BC0858E-E1DE-4F97-B8CB-90F731AB07F6}.Release|Any CPU.ActiveCfg = Release|Any CPU
		{1BC0858E-E1DE-4F97-B8CB-90F731AB07F6}.Release|Any CPU.Build.0 = Release|Any CPU
		{1BC0858E-E1DE-4F97-B8CB-90F731AB07F6}.Release|x64.ActiveCfg = Release|Any CPU
		{1BC0858E-E1DE-4F97-B8CB-90F731AB07F6}.Release|x64.Build.0 = Release|Any CPU
		{1BC0858E-E1DE-4F97-B8CB-90F731AB07F6}.Release|x86.ActiveCfg = Release|Any CPU
		{1BC0858E-E1DE-4F97-B8CB-90F731AB07F6}.Release|x86.Build.0 = Release|Any CPU
		{13C54E97-9E04-42A2-87F3-74A916865EE4}.Debug|Any CPU.ActiveCfg = Debug|Any CPU
		{13C54E97-9E04-42A2-87F3-74A916865EE4}.Debug|Any CPU.Build.0 = Debug|Any CPU
		{13C54E97-9E04-42A2-87F3-74A916865EE4}.Debug|x64.ActiveCfg = Debug|Any CPU
		{13C54E97-9E04-42A2-87F3-74A916865EE4}.Debug|x64.Build.0 = Debug|Any CPU
		{13C54E97-9E04-42A2-87F3-74A916865EE4}.Debug|x86.ActiveCfg = Debug|Any CPU
		{13C54E97-9E04-42A2-87F3-74A916865EE4}.Debug|x86.Build.0 = Debug|Any CPU
		{13C54E97-9E04-42A2-87F3-74A916865EE4}.Release|Any CPU.ActiveCfg = Release|Any CPU
		{13C54E97-9E04-42A2-87F3-74A916865EE4}.Release|Any CPU.Build.0 = Release|Any CPU
		{13C54E97-9E04-42A2-87F3-74A916865EE4}.Release|x64.ActiveCfg = Release|Any CPU
		{13C54E97-9E04-42A2-87F3-74A916865EE4}.Release|x64.Build.0 = Release|Any CPU
		{13C54E97-9E04-42A2-87F3-74A916865EE4}.Release|x86.ActiveCfg = Release|Any CPU
		{13C54E97-9E04-42A2-87F3-74A916865EE4}.Release|x86.Build.0 = Release|Any CPU
		{94A1C8AF-FB8F-4905-937D-87B484314EEA}.Debug|Any CPU.ActiveCfg = Debug|Any CPU
		{94A1C8AF-FB8F-4905-937D-87B484314EEA}.Debug|Any CPU.Build.0 = Debug|Any CPU
		{94A1C8AF-FB8F-4905-937D-87B484314EEA}.Debug|x64.ActiveCfg = Debug|Any CPU
		{94A1C8AF-FB8F-4905-937D-87B484314EEA}.Debug|x64.Build.0 = Debug|Any CPU
		{94A1C8AF-FB8F-4905-937D-87B484314EEA}.Debug|x86.ActiveCfg = Debug|Any CPU
		{94A1C8AF-FB8F-4905-937D-87B484314EEA}.Debug|x86.Build.0 = Debug|Any CPU
		{94A1C8AF-FB8F-4905-937D-87B484314EEA}.Release|Any CPU.ActiveCfg = Release|Any CPU
		{94A1C8AF-FB8F-4905-937D-87B484314EEA}.Release|Any CPU.Build.0 = Release|Any CPU
		{94A1C8AF-FB8F-4905-937D-87B484314EEA}.Release|x64.ActiveCfg = Release|Any CPU
		{94A1C8AF-FB8F-4905-937D-87B484314EEA}.Release|x64.Build.0 = Release|Any CPU
		{94A1C8AF-FB8F-4905-937D-87B484314EEA}.Release|x86.ActiveCfg = Release|Any CPU
		{94A1C8AF-FB8F-4905-937D-87B484314EEA}.Release|x86.Build.0 = Release|Any CPU
		{B49386F1-CD46-472C-A452-7DF197D9007D}.Debug|Any CPU.ActiveCfg = Debug|Any CPU
		{B49386F1-CD46-472C-A452-7DF197D9007D}.Debug|Any CPU.Build.0 = Debug|Any CPU
		{B49386F1-CD46-472C-A452-7DF197D9007D}.Debug|x64.ActiveCfg = Debug|Any CPU
		{B49386F1-CD46-472C-A452-7DF197D9007D}.Debug|x64.Build.0 = Debug|Any CPU
		{B49386F1-CD46-472C-A452-7DF197D9007D}.Debug|x86.ActiveCfg = Debug|Any CPU
		{B49386F1-CD46-472C-A452-7DF197D9007D}.Debug|x86.Build.0 = Debug|Any CPU
		{B49386F1-CD46-472C-A452-7DF197D9007D}.Release|Any CPU.ActiveCfg = Release|Any CPU
		{B49386F1-CD46-472C-A452-7DF197D9007D}.Release|Any CPU.Build.0 = Release|Any CPU
		{B49386F1-CD46-472C-A452-7DF197D9007D}.Release|x64.ActiveCfg = Release|Any CPU
		{B49386F1-CD46-472C-A452-7DF197D9007D}.Release|x64.Build.0 = Release|Any CPU
		{B49386F1-CD46-472C-A452-7DF197D9007D}.Release|x86.ActiveCfg = Release|Any CPU
		{B49386F1-CD46-472C-A452-7DF197D9007D}.Release|x86.Build.0 = Release|Any CPU
		{297FB2CF-6946-4A5D-96F1-7D1AAE3BC955}.Debug|Any CPU.ActiveCfg = Debug|Any CPU
		{297FB2CF-6946-4A5D-96F1-7D1AAE3BC955}.Debug|Any CPU.Build.0 = Debug|Any CPU
		{297FB2CF-6946-4A5D-96F1-7D1AAE3BC955}.Debug|x64.ActiveCfg = Debug|Any CPU
		{297FB2CF-6946-4A5D-96F1-7D1AAE3BC955}.Debug|x64.Build.0 = Debug|Any CPU
		{297FB2CF-6946-4A5D-96F1-7D1AAE3BC955}.Debug|x86.ActiveCfg = Debug|Any CPU
		{297FB2CF-6946-4A5D-96F1-7D1AAE3BC955}.Debug|x86.Build.0 = Debug|Any CPU
		{297FB2CF-6946-4A5D-96F1-7D1AAE3BC955}.Release|Any CPU.ActiveCfg = Release|Any CPU
		{297FB2CF-6946-4A5D-96F1-7D1AAE3BC955}.Release|Any CPU.Build.0 = Release|Any CPU
		{297FB2CF-6946-4A5D-96F1-7D1AAE3BC955}.Release|x64.ActiveCfg = Release|Any CPU
		{297FB2CF-6946-4A5D-96F1-7D1AAE3BC955}.Release|x64.Build.0 = Release|Any CPU
		{297FB2CF-6946-4A5D-96F1-7D1AAE3BC955}.Release|x86.ActiveCfg = Release|Any CPU
		{297FB2CF-6946-4A5D-96F1-7D1AAE3BC955}.Release|x86.Build.0 = Release|Any CPU
		{837865F0-D3D9-48F0-9DCD-7FAEAAE2D767}.Debug|Any CPU.ActiveCfg = Debug|Any CPU
		{837865F0-D3D9-48F0-9DCD-7FAEAAE2D767}.Debug|Any CPU.Build.0 = Debug|Any CPU
		{837865F0-D3D9-48F0-9DCD-7FAEAAE2D767}.Debug|x64.ActiveCfg = Debug|Any CPU
		{837865F0-D3D9-48F0-9DCD-7FAEAAE2D767}.Debug|x64.Build.0 = Debug|Any CPU
		{837865F0-D3D9-48F0-9DCD-7FAEAAE2D767}.Debug|x86.ActiveCfg = Debug|Any CPU
		{837865F0-D3D9-48F0-9DCD-7FAEAAE2D767}.Debug|x86.Build.0 = Debug|Any CPU
		{837865F0-D3D9-48F0-9DCD-7FAEAAE2D767}.Release|Any CPU.ActiveCfg = Release|Any CPU
		{837865F0-D3D9-48F0-9DCD-7FAEAAE2D767}.Release|Any CPU.Build.0 = Release|Any CPU
		{837865F0-D3D9-48F0-9DCD-7FAEAAE2D767}.Release|x64.ActiveCfg = Release|Any CPU
		{837865F0-D3D9-48F0-9DCD-7FAEAAE2D767}.Release|x64.Build.0 = Release|Any CPU
		{837865F0-D3D9-48F0-9DCD-7FAEAAE2D767}.Release|x86.ActiveCfg = Release|Any CPU
		{837865F0-D3D9-48F0-9DCD-7FAEAAE2D767}.Release|x86.Build.0 = Release|Any CPU
		{0F26F728-D79C-45E3-B0C9-4CC8CA696A4C}.Debug|Any CPU.ActiveCfg = Debug|Any CPU
		{0F26F728-D79C-45E3-B0C9-4CC8CA696A4C}.Debug|Any CPU.Build.0 = Debug|Any CPU
		{0F26F728-D79C-45E3-B0C9-4CC8CA696A4C}.Debug|x64.ActiveCfg = Debug|Any CPU
		{0F26F728-D79C-45E3-B0C9-4CC8CA696A4C}.Debug|x64.Build.0 = Debug|Any CPU
		{0F26F728-D79C-45E3-B0C9-4CC8CA696A4C}.Debug|x86.ActiveCfg = Debug|Any CPU
		{0F26F728-D79C-45E3-B0C9-4CC8CA696A4C}.Debug|x86.Build.0 = Debug|Any CPU
		{0F26F728-D79C-45E3-B0C9-4CC8CA696A4C}.Release|Any CPU.ActiveCfg = Release|Any CPU
		{0F26F728-D79C-45E3-B0C9-4CC8CA696A4C}.Release|Any CPU.Build.0 = Release|Any CPU
		{0F26F728-D79C-45E3-B0C9-4CC8CA696A4C}.Release|x64.ActiveCfg = Release|Any CPU
		{0F26F728-D79C-45E3-B0C9-4CC8CA696A4C}.Release|x64.Build.0 = Release|Any CPU
		{0F26F728-D79C-45E3-B0C9-4CC8CA696A4C}.Release|x86.ActiveCfg = Release|Any CPU
		{0F26F728-D79C-45E3-B0C9-4CC8CA696A4C}.Release|x86.Build.0 = Release|Any CPU
		{07AE61BA-3761-49C3-A5D6-809E654F6486}.Debug|Any CPU.ActiveCfg = Debug|Any CPU
		{07AE61BA-3761-49C3-A5D6-809E654F6486}.Debug|Any CPU.Build.0 = Debug|Any CPU
		{07AE61BA-3761-49C3-A5D6-809E654F6486}.Debug|Any CPU.Deploy.0 = Debug|Any CPU
		{07AE61BA-3761-49C3-A5D6-809E654F6486}.Debug|x64.ActiveCfg = Debug|Any CPU
		{07AE61BA-3761-49C3-A5D6-809E654F6486}.Debug|x64.Build.0 = Debug|Any CPU
		{07AE61BA-3761-49C3-A5D6-809E654F6486}.Debug|x64.Deploy.0 = Debug|Any CPU
		{07AE61BA-3761-49C3-A5D6-809E654F6486}.Debug|x86.ActiveCfg = Debug|Any CPU
		{07AE61BA-3761-49C3-A5D6-809E654F6486}.Debug|x86.Build.0 = Debug|Any CPU
		{07AE61BA-3761-49C3-A5D6-809E654F6486}.Debug|x86.Deploy.0 = Debug|Any CPU
		{07AE61BA-3761-49C3-A5D6-809E654F6486}.Release|Any CPU.ActiveCfg = Release|Any CPU
		{07AE61BA-3761-49C3-A5D6-809E654F6486}.Release|Any CPU.Build.0 = Release|Any CPU
		{07AE61BA-3761-49C3-A5D6-809E654F6486}.Release|Any CPU.Deploy.0 = Release|Any CPU
		{07AE61BA-3761-49C3-A5D6-809E654F6486}.Release|x64.ActiveCfg = Release|Any CPU
		{07AE61BA-3761-49C3-A5D6-809E654F6486}.Release|x64.Build.0 = Release|Any CPU
		{07AE61BA-3761-49C3-A5D6-809E654F6486}.Release|x64.Deploy.0 = Release|Any CPU
		{07AE61BA-3761-49C3-A5D6-809E654F6486}.Release|x86.ActiveCfg = Release|Any CPU
		{07AE61BA-3761-49C3-A5D6-809E654F6486}.Release|x86.Build.0 = Release|Any CPU
		{07AE61BA-3761-49C3-A5D6-809E654F6486}.Release|x86.Deploy.0 = Release|Any CPU
		{CE14154D-EA40-4910-B1A7-BDFE136A02F0}.Debug|Any CPU.ActiveCfg = Debug|Any CPU
		{CE14154D-EA40-4910-B1A7-BDFE136A02F0}.Debug|Any CPU.Build.0 = Debug|Any CPU
		{CE14154D-EA40-4910-B1A7-BDFE136A02F0}.Debug|x64.ActiveCfg = Debug|Any CPU
		{CE14154D-EA40-4910-B1A7-BDFE136A02F0}.Debug|x64.Build.0 = Debug|Any CPU
		{CE14154D-EA40-4910-B1A7-BDFE136A02F0}.Debug|x86.ActiveCfg = Debug|Any CPU
		{CE14154D-EA40-4910-B1A7-BDFE136A02F0}.Debug|x86.Build.0 = Debug|Any CPU
		{CE14154D-EA40-4910-B1A7-BDFE136A02F0}.Release|Any CPU.ActiveCfg = Release|Any CPU
		{CE14154D-EA40-4910-B1A7-BDFE136A02F0}.Release|Any CPU.Build.0 = Release|Any CPU
		{CE14154D-EA40-4910-B1A7-BDFE136A02F0}.Release|x64.ActiveCfg = Release|Any CPU
		{CE14154D-EA40-4910-B1A7-BDFE136A02F0}.Release|x64.Build.0 = Release|Any CPU
		{CE14154D-EA40-4910-B1A7-BDFE136A02F0}.Release|x86.ActiveCfg = Release|Any CPU
		{CE14154D-EA40-4910-B1A7-BDFE136A02F0}.Release|x86.Build.0 = Release|Any CPU
		{AA0CE9A9-0EA9-4A93-BCC2-8E1A7075A4BD}.Debug|Any CPU.ActiveCfg = Debug|Any CPU
		{AA0CE9A9-0EA9-4A93-BCC2-8E1A7075A4BD}.Debug|Any CPU.Build.0 = Debug|Any CPU
		{AA0CE9A9-0EA9-4A93-BCC2-8E1A7075A4BD}.Debug|x64.ActiveCfg = Debug|Any CPU
		{AA0CE9A9-0EA9-4A93-BCC2-8E1A7075A4BD}.Debug|x64.Build.0 = Debug|Any CPU
		{AA0CE9A9-0EA9-4A93-BCC2-8E1A7075A4BD}.Debug|x86.ActiveCfg = Debug|Any CPU
		{AA0CE9A9-0EA9-4A93-BCC2-8E1A7075A4BD}.Debug|x86.Build.0 = Debug|Any CPU
		{AA0CE9A9-0EA9-4A93-BCC2-8E1A7075A4BD}.Release|Any CPU.ActiveCfg = Release|Any CPU
		{AA0CE9A9-0EA9-4A93-BCC2-8E1A7075A4BD}.Release|Any CPU.Build.0 = Release|Any CPU
		{AA0CE9A9-0EA9-4A93-BCC2-8E1A7075A4BD}.Release|x64.ActiveCfg = Release|Any CPU
		{AA0CE9A9-0EA9-4A93-BCC2-8E1A7075A4BD}.Release|x64.Build.0 = Release|Any CPU
		{AA0CE9A9-0EA9-4A93-BCC2-8E1A7075A4BD}.Release|x86.ActiveCfg = Release|Any CPU
		{AA0CE9A9-0EA9-4A93-BCC2-8E1A7075A4BD}.Release|x86.Build.0 = Release|Any CPU
	EndGlobalSection
	GlobalSection(SolutionProperties) = preSolution
		HideSolutionNode = FALSE
	EndGlobalSection
	GlobalSection(NestedProjects) = preSolution
		{C6718FBC-D1ED-4C89-B754-0EE8DC1C66DE} = {F7468C1D-D4A8-4543-857C-F1FF36578445}
		{C0379448-4EC5-4C27-AA41-67E317A69CA9} = {F7468C1D-D4A8-4543-857C-F1FF36578445}
		{CEEC9CD1-BAD9-4A13-837B-F52143BF7BBB} = {F7468C1D-D4A8-4543-857C-F1FF36578445}
		{FBB52100-15A2-4ACB-943F-CC16824A8B61} = {CEEC9CD1-BAD9-4A13-837B-F52143BF7BBB}
		{8C978956-E585-4ADC-8419-B3E2C6193889} = {CEEC9CD1-BAD9-4A13-837B-F52143BF7BBB}
		{97EE5C9C-7CA0-47FC-B4A4-4812C6BC325F} = {C6718FBC-D1ED-4C89-B754-0EE8DC1C66DE}
		{009AEAA3-17C2-4B24-9889-53E703031DE2} = {C6718FBC-D1ED-4C89-B754-0EE8DC1C66DE}
		{CCD3CD05-D1D0-4266-88C5-B4A7446734B2} = {C6718FBC-D1ED-4C89-B754-0EE8DC1C66DE}
		{E42A75EE-EC43-4CF9-8E8C-AF4AF605D2B6} = {3B967AEA-B805-49D1-A7BA-87D40C73D3F5}
		{27B26CF1-84C0-46BA-AC61-E4C90C98907C} = {3B967AEA-B805-49D1-A7BA-87D40C73D3F5}
		{9AD568C1-B179-43AA-8BBE-4F32CD016312} = {C0379448-4EC5-4C27-AA41-67E317A69CA9}
		{A141D3B3-4B9A-4805-9401-BF14E3D4890F} = {3B967AEA-B805-49D1-A7BA-87D40C73D3F5}
		{886A9353-9FBA-44E1-96F3-BC8B1F57DEE7} = {3B967AEA-B805-49D1-A7BA-87D40C73D3F5}
		{63E970A9-2FBD-49D5-B301-21863F235B74} = {3B967AEA-B805-49D1-A7BA-87D40C73D3F5}
		{7C5F474D-8EBC-4807-A676-5FBC35172623} = {C0379448-4EC5-4C27-AA41-67E317A69CA9}
		{97627627-CA90-4749-9532-0BA20C633021} = {C0379448-4EC5-4C27-AA41-67E317A69CA9}
		{E21BBCCD-D0DA-4536-AA79-589298FA027E} = {C0379448-4EC5-4C27-AA41-67E317A69CA9}
		{3B967AEA-B805-49D1-A7BA-87D40C73D3F5} = {C0379448-4EC5-4C27-AA41-67E317A69CA9}
		{645FEAB0-F992-4932-9A6D-85105096B56C} = {FBB52100-15A2-4ACB-943F-CC16824A8B61}
		{1483622D-BC22-46D1-A639-55F8CE59804A} = {8C978956-E585-4ADC-8419-B3E2C6193889}
		{4FE79E47-DC77-4B0E-9250-3733AE67BA3E} = {8C978956-E585-4ADC-8419-B3E2C6193889}
		{317C4C86-337B-4EF2-AC53-576F85B105DE} = {CCD3CD05-D1D0-4266-88C5-B4A7446734B2}
		{6BF53DB5-EE64-47EC-8667-18F2E2542C7A} = {97EE5C9C-7CA0-47FC-B4A4-4812C6BC325F}
		{4ED3CDE9-FF3A-4461-9282-D42737D8CFEA} = {E42A75EE-EC43-4CF9-8E8C-AF4AF605D2B6}
		{4219BC56-BBD5-4958-AC62-7B629C6D642B} = {E42A75EE-EC43-4CF9-8E8C-AF4AF605D2B6}
		{101C0F99-3772-4F26-8F49-D753AE54A251} = {27B26CF1-84C0-46BA-AC61-E4C90C98907C}
		{BE207AF6-E224-416E-93AE-3A3292E864B0} = {27B26CF1-84C0-46BA-AC61-E4C90C98907C}
		{427EC7B8-CBF1-4C50-ABFD-7A3A3B1892C0} = {27B26CF1-84C0-46BA-AC61-E4C90C98907C}
		{169600C4-03AF-4148-95BC-8ADD79FB5D58} = {9AD568C1-B179-43AA-8BBE-4F32CD016312}
		{0AC04EDC-D2C7-4AB0-BE34-E61A565CDE78} = {9AD568C1-B179-43AA-8BBE-4F32CD016312}
		{D698CAA6-E2AD-42E2-9163-64AE9A85A26E} = {9AD568C1-B179-43AA-8BBE-4F32CD016312}
		{DC713C80-8DA5-40C4-85CD-E0B3169B009C} = {A141D3B3-4B9A-4805-9401-BF14E3D4890F}
		{2B29C912-8BDA-4260-A486-111BECCCC196} = {886A9353-9FBA-44E1-96F3-BC8B1F57DEE7}
		{4E80B653-B228-4605-891B-04A36ACE2258} = {63E970A9-2FBD-49D5-B301-21863F235B74}
		{1BC0858E-E1DE-4F97-B8CB-90F731AB07F6} = {7C5F474D-8EBC-4807-A676-5FBC35172623}
		{13C54E97-9E04-42A2-87F3-74A916865EE4} = {7C5F474D-8EBC-4807-A676-5FBC35172623}
		{94A1C8AF-FB8F-4905-937D-87B484314EEA} = {97627627-CA90-4749-9532-0BA20C633021}
		{B49386F1-CD46-472C-A452-7DF197D9007D} = {E21BBCCD-D0DA-4536-AA79-589298FA027E}
		{0441F76E-E4E5-40F5-B284-4E83D711D9D0} = {C6718FBC-D1ED-4C89-B754-0EE8DC1C66DE}
		{297FB2CF-6946-4A5D-96F1-7D1AAE3BC955} = {009AEAA3-17C2-4B24-9889-53E703031DE2}
		{C5F55A96-C136-4B65-ADC0-78679F13B855} = {C6718FBC-D1ED-4C89-B754-0EE8DC1C66DE}
		{837865F0-D3D9-48F0-9DCD-7FAEAAE2D767} = {C5F55A96-C136-4B65-ADC0-78679F13B855}
		{90CC1463-C682-4B88-A672-0AB6F6844E35} = {C6718FBC-D1ED-4C89-B754-0EE8DC1C66DE}
		{0F26F728-D79C-45E3-B0C9-4CC8CA696A4C} = {90CC1463-C682-4B88-A672-0AB6F6844E35}
		{2015C2DC-F913-4652-8F21-64B54F46374B} = {C6718FBC-D1ED-4C89-B754-0EE8DC1C66DE}
		{07AE61BA-3761-49C3-A5D6-809E654F6486} = {2015C2DC-F913-4652-8F21-64B54F46374B}
		{CE14154D-EA40-4910-B1A7-BDFE136A02F0} = {0441F76E-E4E5-40F5-B284-4E83D711D9D0}
		{0DAA82E4-AEBD-43C1-A6D6-9BE07A6BBA48} = {C6718FBC-D1ED-4C89-B754-0EE8DC1C66DE}
		{AA0CE9A9-0EA9-4A93-BCC2-8E1A7075A4BD} = {0DAA82E4-AEBD-43C1-A6D6-9BE07A6BBA48}
	EndGlobalSection
	GlobalSection(ExtensibilityGlobals) = postSolution
		SolutionGuid = {69BA65DC-DAA2-4F9B-BFB4-7CAF5191180F}
	EndGlobalSection
EndGlobal
