
Microsoft Visual Studio Solution File, Format Version 12.00
# Visual Studio Version 17
VisualStudioVersion = 17.0.31825.309
MinimumVisualStudioVersion = 10.0.40219.1
Project("{2150E333-8FDC-42A3-9474-1A3956D46DE8}") = "Document", "Document", "{477B8BEA-E4AC-45C7-BF3A-7ED0FCE866B6}"
	ProjectSection(SolutionItems) = preProject
		.dockerignore = .dockerignore
		.gitattributes = .gitattributes
		.gitignore = .gitignore
		.gitpod.yml = .gitpod.yml
		Directory.Build.props = Directory.Build.props
		LICENSE = LICENSE
		NuGet.Config = NuGet.Config
		README.md = README.md
	EndProjectSection
EndProject
Project("{2150E333-8FDC-42A3-9474-1A3956D46DE8}") = "Example", "Example", "{F7468C1D-D4A8-4543-857C-F1FF36578445}"
EndProject
Project("{2150E333-8FDC-42A3-9474-1A3956D46DE8}") = "Web", "Web", "{C6718FBC-D1ED-4C89-B754-0EE8DC1C66DE}"
EndProject
Project("{2150E333-8FDC-42A3-9474-1A3956D46DE8}") = "WinForm", "WinForm", "{C0379448-4EC5-4C27-AA41-67E317A69CA9}"
EndProject
Project("{2150E333-8FDC-42A3-9474-1A3956D46DE8}") = "Other", "Other", "{CEEC9CD1-BAD9-4A13-837B-F52143BF7BBB}"
EndProject
Project("{2150E333-8FDC-42A3-9474-1A3956D46DE8}") = "Nuget.Server", "Nuget.Server", "{CCD3CD05-D1D0-4266-88C5-B4A7446734B2}"
EndProject
Project("{2150E333-8FDC-42A3-9474-1A3956D46DE8}") = "HCView", "HCView", "{27B26CF1-84C0-46BA-AC61-E4C90C98907C}"
EndProject
Project("{2150E333-8FDC-42A3-9474-1A3956D46DE8}") = "Miniblink", "Miniblink", "{9AD568C1-B179-43AA-8BBE-4F32CD016312}"
EndProject
Project("{2150E333-8FDC-42A3-9474-1A3956D46DE8}") = "TextRuler", "TextRuler", "{886A9353-9FBA-44E1-96F3-BC8B1F57DEE7}"
EndProject
Project("{2150E333-8FDC-42A3-9474-1A3956D46DE8}") = "SharpDX", "SharpDX", "{97627627-CA90-4749-9532-0BA20C633021}"
EndProject
Project("{2150E333-8FDC-42A3-9474-1A3956D46DE8}") = "Editor", "Editor", "{3B967AEA-B805-49D1-A7BA-87D40C73D3F5}"
EndProject
Project("{9A19103F-16F7-4668-BE54-9A1E7A4F7556}") = "HDF.Core.WebApi", "HDF.Core.WebApi\HDF.Core.WebApi.csproj", "{4B814BE6-B478-48D1-B9E7-7DC4A464A610}"
EndProject
Project("{FAE04EC0-301F-11D3-BF4B-00C04F79EFBC}") = "HDF.Nuget.Server", "Example\Web\Nuget.Server\HDF.Nuget.Server\HDF.Nuget.Server.csproj", "{317C4C86-337B-4EF2-AC53-576F85B105DE}"
EndProject
Project("{FAE04EC0-301F-11D3-BF4B-00C04F79EFBC}") = "HCView", "Example\WinForm\Editor\HCView\Source\HCView.csproj", "{101C0F99-3772-4F26-8F49-D753AE54A251}"
EndProject
Project("{FAE04EC0-301F-11D3-BF4B-00C04F79EFBC}") = "HCViewDemo", "Example\WinForm\Editor\HCView\Demo\HCView\HCViewDemo.csproj", "{BE207AF6-E224-416E-93AE-3A3292E864B0}"
EndProject
Project("{FAE04EC0-301F-11D3-BF4B-00C04F79EFBC}") = "EMRViewDemo", "Example\WinForm\Editor\HCView\Demo\EMRView\EMRViewDemo.csproj", "{427EC7B8-CBF1-4C50-ABFD-7A3A3B1892C0}"
EndProject
Project("{FAE04EC0-301F-11D3-BF4B-00C04F79EFBC}") = "HDF.Miniblink", "Example\WinForm\Miniblink\HDF.Miniblink\HDF.Miniblink.csproj", "{169600C4-03AF-4148-95BC-8ADD79FB5D58}"
EndProject
Project("{FAE04EC0-301F-11D3-BF4B-00C04F79EFBC}") = "Miniblink", "Example\WinForm\Miniblink\Miniblink\Miniblink.csproj", "{0AC04EDC-D2C7-4AB0-BE34-E61A565CDE78}"
EndProject
Project("{FAE04EC0-301F-11D3-BF4B-00C04F79EFBC}") = "Miniblink.Demo", "Example\WinForm\Miniblink\Miniblink.Demo\Miniblink.Demo.csproj", "{D698CAA6-E2AD-42E2-9163-64AE9A85A26E}"
EndProject
Project("{FAE04EC0-301F-11D3-BF4B-00C04F79EFBC}") = "TextRuler", "Example\WinForm\Editor\TextRuler\TextRuler.csproj", "{2B29C912-8BDA-4260-A486-111BECCCC196}"
EndProject
Project("{9A19103F-16F7-4668-BE54-9A1E7A4F7556}") = "SharpDX.Demo", "Example\WinForm\SharpDX\SharpDX.Demo\SharpDX.Demo.csproj", "{94A1C8AF-FB8F-4905-937D-87B484314EEA}"
EndProject
Project("{9A19103F-16F7-4668-BE54-9A1E7A4F7556}") = "HDF.Framework.Test", "HDF.Framework.Test\HDF.Framework.Test.csproj", "{AD3B4C30-C9C6-4EE9-8CB9-017437A5E69D}"
EndProject
Project("{2150E333-8FDC-42A3-9474-1A3956D46DE8}") = "SignalR", "SignalR", "{EAFA31DD-F444-406B-B980-0A88EA3FAEE7}"
EndProject
Project("{9A19103F-16F7-4668-BE54-9A1E7A4F7556}") = "HDF.SignalR.Test", "Example\Web\SignalR\HDF.SignalR.Test\HDF.SignalR.Test.csproj", "{2C4023FF-C6B0-4AC6-B085-097B93CC5741}"
EndProject
Project("{9A19103F-16F7-4668-BE54-9A1E7A4F7556}") = "HDF.SignalR.Client.Console", "Example\Web\SignalR\HDF.SignalR.Client.Console\HDF.SignalR.Client.Console.csproj", "{00EA0AB7-B39F-40D5-A69F-15412BD951F2}"
EndProject
Project("{2150E333-8FDC-42A3-9474-1A3956D46DE8}") = "PublicDocument", "PublicDocument", "{347F9867-22AE-4931-B0D2-3F8254E89A15}"
EndProject
Project("{9A19103F-16F7-4668-BE54-9A1E7A4F7556}") = "Document", "PublicDocument\Document\Document.csproj", "{28E75E1F-40E3-479D-9077-FF4ECC77E950}"
EndProject
Project("{2150E333-8FDC-42A3-9474-1A3956D46DE8}") = "SourceGenerators", "SourceGenerators", "{7E62A0DE-E6FA-4E72-BA4B-0F28E966B60C}"
EndProject
Project("{9A19103F-16F7-4668-BE54-9A1E7A4F7556}") = "HDF.SourceGenerators", "Example\Other\SourceGenerators\HDF.SourceGenerators\HDF.SourceGenerators.csproj", "{8E749192-4203-4D61-8565-6463ED1322AC}"
EndProject
Project("{9A19103F-16F7-4668-BE54-9A1E7A4F7556}") = "HDF.SourceGenerators.Caller", "Example\Other\SourceGenerators\HDF.SourceGenerators.Caller\HDF.SourceGenerators.Caller.csproj", "{EBBF24CF-1F20-4801-BB8C-A17EE88C7700}"
EndProject
Project("{2150E333-8FDC-42A3-9474-1A3956D46DE8}") = "性能测试", "性能测试", "{698312E2-2D4A-4F21-869D-7638DEF039C4}"
EndProject
Project("{9A19103F-16F7-4668-BE54-9A1E7A4F7556}") = "HDF.BenchmarkDotNet", "Example\Other\性能测试\HDF.BenchmarkDotNet\HDF.BenchmarkDotNet.csproj", "{7FA10C38-ED1B-49E1-B077-523EB4C18D0B}"
EndProject
Project("{2150E333-8FDC-42A3-9474-1A3956D46DE8}") = "WebBrowser", "WebBrowser", "{4109CB82-764C-4AE8-834D-52207FE13D90}"
EndProject
Project("{9A19103F-16F7-4668-BE54-9A1E7A4F7556}") = "HDF.WebBrowser.Test", "Example\WinForm\WebBrowser\HDF.WebBrowser.Test\HDF.WebBrowser.Test.csproj", "{14B3A950-70A6-407B-9C32-C79826255443}"
EndProject
Project("{2150E333-8FDC-42A3-9474-1A3956D46DE8}") = "图像识别", "图像识别", "{CB558F22-C5BD-48AC-BFDB-7A9886CECAA4}"
EndProject
Project("{9A19103F-16F7-4668-BE54-9A1E7A4F7556}") = "HDF.OCR.Test", "Example\Other\图像识别\HDF.OCR.Test\HDF.OCR.Test.csproj", "{1DEAA2B9-797D-429C-A6BE-63D747FD4B1C}"
EndProject
Project("{2150E333-8FDC-42A3-9474-1A3956D46DE8}") = "AForge", "AForge", "{16B20EC5-703D-4617-A309-CF9997FDBD1E}"
EndProject
Project("{9A19103F-16F7-4668-BE54-9A1E7A4F7556}") = "HDF.AForge.Test", "Example\WinForm\AForge\HDF.AForge.Test\HDF.AForge.Test.csproj", "{0038695C-9C44-4442-894C-E007E9590F13}"
EndProject
Project("{2150E333-8FDC-42A3-9474-1A3956D46DE8}") = "WinForm宿主混合开发", "WinForm宿主混合开发", "{2120C4F3-FDF0-4B55-A856-CA64192369BE}"
EndProject
Project("{9A19103F-16F7-4668-BE54-9A1E7A4F7556}") = "HDF.WinForm.WebHost", "Example\WinForm\WinForm宿主混合开发\HDF.WinForm.WebHost\HDF.WinForm.WebHost.csproj", "{02F53CF0-21BD-4D99-94E1-1146D5442C31}"
EndProject
Project("{2150E333-8FDC-42A3-9474-1A3956D46DE8}") = "UpdateProgram", "UpdateProgram", "{8E49F1C2-1F02-42B1-BCF0-9B17546E2215}"
EndProject
Project("{9A19103F-16F7-4668-BE54-9A1E7A4F7556}") = "Client", "Example\Other\UpdateProgram\Client\Client.csproj", "{D0A4E6A4-260A-462F-B5EA-A036BD3AA045}"
EndProject
Project("{9A19103F-16F7-4668-BE54-9A1E7A4F7556}") = "HDF.UpdateProgram.Test", "Example\Other\UpdateProgram\HDF.UpdateProgram.Test\HDF.UpdateProgram.Test.csproj", "{789665CF-356F-4594-BFF3-6B4114498DE0}"
EndProject
Project("{2150E333-8FDC-42A3-9474-1A3956D46DE8}") = "GetSystemStatus", "GetSystemStatus", "{40CE967C-D8F6-4E63-9243-CC4309A640A5}"
EndProject
Project("{9A19103F-16F7-4668-BE54-9A1E7A4F7556}") = "GetSystemStatusGUI", "Example\WinForm\GetSystemStatus\GetSystemStatusGUI.csproj", "{512437ED-0F4F-4362-A4B5-AD4C820AD461}"
EndProject
Project("{9A19103F-16F7-4668-BE54-9A1E7A4F7556}") = "HDF.Test.Winform", "HDF.Test.Winform\HDF.Test.Winform.csproj", "{D0178B79-90B8-4D6E-82C1-02AA4D505D22}"
EndProject
Project("{9A19103F-16F7-4668-BE54-9A1E7A4F7556}") = "HDF.Test.WPF", "HDF.Test.WPF\HDF.Test.WPF.csproj", "{6D8DDB75-117C-4E20-8E29-50A09E7DCCB2}"
EndProject
Project("{2150E333-8FDC-42A3-9474-1A3956D46DE8}") = "ML.NET", "ML.NET", "{8B50FCA5-375D-4190-8BDE-2FBADC626DAF}"
EndProject
Project("{9A19103F-16F7-4668-BE54-9A1E7A4F7556}") = "HDF.ML.Test", "Example\Other\ML.NET\HDF.ML.Test\HDF.ML.Test.csproj", "{86312673-9815-457A-AE6D-315FD4ACD5D1}"
EndProject
Project("{2150E333-8FDC-42A3-9474-1A3956D46DE8}") = "SkiaSharp", "SkiaSharp", "{2D81C5F0-D966-49AB-B097-71B3DEC9E690}"
EndProject
Project("{9A19103F-16F7-4668-BE54-9A1E7A4F7556}") = "SkiaSharp.Demo", "Example\WinForm\SkiaSharp\SkiaSharp.Demo\SkiaSharp.Demo.csproj", "{49A66FF2-1EF4-450B-BAC2-38A6BB146FBE}"
EndProject
Project("{9A19103F-16F7-4668-BE54-9A1E7A4F7556}") = "WebApplication1", "WebApplication1\WebApplication1.csproj", "{1E635A74-EF69-4B6E-B165-C5240AF3EE52}"
EndProject
Project("{9A19103F-16F7-4668-BE54-9A1E7A4F7556}") = "HDF.Test.Font", "HDF.Test.Font\HDF.Test.Font.csproj", "{E459192C-24F9-467B-9290-6BA15236DDB0}"
EndProject
Project("{FAE04EC0-301F-11D3-BF4B-00C04F79EFBC}") = "WindowsFormsApp1", "WindowsFormsApp1\WindowsFormsApp1.csproj", "{2CA91F57-2D82-4FA1-9D08-050E6FB9F7B2}"
EndProject
Global
	GlobalSection(SolutionConfigurationPlatforms) = preSolution
		Debug|Any CPU = Debug|Any CPU
		Debug|x64 = Debug|x64
		Debug|x86 = Debug|x86
		Release|Any CPU = Release|Any CPU
		Release|x64 = Release|x64
		Release|x86 = Release|x86
	EndGlobalSection
	GlobalSection(ProjectConfigurationPlatforms) = postSolution
		{4B814BE6-B478-48D1-B9E7-7DC4A464A610}.Debug|Any CPU.ActiveCfg = Debug|Any CPU
		{4B814BE6-B478-48D1-B9E7-7DC4A464A610}.Debug|Any CPU.Build.0 = Debug|Any CPU
		{4B814BE6-B478-48D1-B9E7-7DC4A464A610}.Debug|x64.ActiveCfg = Debug|Any CPU
		{4B814BE6-B478-48D1-B9E7-7DC4A464A610}.Debug|x64.Build.0 = Debug|Any CPU
		{4B814BE6-B478-48D1-B9E7-7DC4A464A610}.Debug|x86.ActiveCfg = Debug|Any CPU
		{4B814BE6-B478-48D1-B9E7-7DC4A464A610}.Debug|x86.Build.0 = Debug|Any CPU
		{4B814BE6-B478-48D1-B9E7-7DC4A464A610}.Release|Any CPU.ActiveCfg = Release|Any CPU
		{4B814BE6-B478-48D1-B9E7-7DC4A464A610}.Release|Any CPU.Build.0 = Release|Any CPU
		{4B814BE6-B478-48D1-B9E7-7DC4A464A610}.Release|x64.ActiveCfg = Release|Any CPU
		{4B814BE6-B478-48D1-B9E7-7DC4A464A610}.Release|x64.Build.0 = Release|Any CPU
		{4B814BE6-B478-48D1-B9E7-7DC4A464A610}.Release|x86.ActiveCfg = Release|Any CPU
		{4B814BE6-B478-48D1-B9E7-7DC4A464A610}.Release|x86.Build.0 = Release|Any CPU
		{317C4C86-337B-4EF2-AC53-576F85B105DE}.Debug|Any CPU.ActiveCfg = Debug|Any CPU
		{317C4C86-337B-4EF2-AC53-576F85B105DE}.Debug|Any CPU.Build.0 = Debug|Any CPU
		{317C4C86-337B-4EF2-AC53-576F85B105DE}.Debug|x64.ActiveCfg = Debug|Any CPU
		{317C4C86-337B-4EF2-AC53-576F85B105DE}.Debug|x64.Build.0 = Debug|Any CPU
		{317C4C86-337B-4EF2-AC53-576F85B105DE}.Debug|x86.ActiveCfg = Debug|Any CPU
		{317C4C86-337B-4EF2-AC53-576F85B105DE}.Debug|x86.Build.0 = Debug|Any CPU
		{317C4C86-337B-4EF2-AC53-576F85B105DE}.Release|Any CPU.ActiveCfg = Release|Any CPU
		{317C4C86-337B-4EF2-AC53-576F85B105DE}.Release|Any CPU.Build.0 = Release|Any CPU
		{317C4C86-337B-4EF2-AC53-576F85B105DE}.Release|x64.ActiveCfg = Release|Any CPU
		{317C4C86-337B-4EF2-AC53-576F85B105DE}.Release|x64.Build.0 = Release|Any CPU
		{317C4C86-337B-4EF2-AC53-576F85B105DE}.Release|x86.ActiveCfg = Release|Any CPU
		{317C4C86-337B-4EF2-AC53-576F85B105DE}.Release|x86.Build.0 = Release|Any CPU
		{101C0F99-3772-4F26-8F49-D753AE54A251}.Debug|Any CPU.ActiveCfg = Debug|Any CPU
		{101C0F99-3772-4F26-8F49-D753AE54A251}.Debug|Any CPU.Build.0 = Debug|Any CPU
		{101C0F99-3772-4F26-8F49-D753AE54A251}.Debug|x64.ActiveCfg = Debug|Any CPU
		{101C0F99-3772-4F26-8F49-D753AE54A251}.Debug|x64.Build.0 = Debug|Any CPU
		{101C0F99-3772-4F26-8F49-D753AE54A251}.Debug|x86.ActiveCfg = Debug|x86
		{101C0F99-3772-4F26-8F49-D753AE54A251}.Debug|x86.Build.0 = Debug|x86
		{101C0F99-3772-4F26-8F49-D753AE54A251}.Release|Any CPU.ActiveCfg = Release|Any CPU
		{101C0F99-3772-4F26-8F49-D753AE54A251}.Release|Any CPU.Build.0 = Release|Any CPU
		{101C0F99-3772-4F26-8F49-D753AE54A251}.Release|x64.ActiveCfg = Release|Any CPU
		{101C0F99-3772-4F26-8F49-D753AE54A251}.Release|x64.Build.0 = Release|Any CPU
		{101C0F99-3772-4F26-8F49-D753AE54A251}.Release|x86.ActiveCfg = Release|x86
		{101C0F99-3772-4F26-8F49-D753AE54A251}.Release|x86.Build.0 = Release|x86
		{BE207AF6-E224-416E-93AE-3A3292E864B0}.Debug|Any CPU.ActiveCfg = Debug|x86
		{BE207AF6-E224-416E-93AE-3A3292E864B0}.Debug|x64.ActiveCfg = Debug|x86
		{BE207AF6-E224-416E-93AE-3A3292E864B0}.Debug|x86.ActiveCfg = Debug|x86
		{BE207AF6-E224-416E-93AE-3A3292E864B0}.Debug|x86.Build.0 = Debug|x86
		{BE207AF6-E224-416E-93AE-3A3292E864B0}.Release|Any CPU.ActiveCfg = Release|x86
		{BE207AF6-E224-416E-93AE-3A3292E864B0}.Release|x64.ActiveCfg = Release|x86
		{BE207AF6-E224-416E-93AE-3A3292E864B0}.Release|x86.ActiveCfg = Release|x86
		{BE207AF6-E224-416E-93AE-3A3292E864B0}.Release|x86.Build.0 = Release|x86
		{427EC7B8-CBF1-4C50-ABFD-7A3A3B1892C0}.Debug|Any CPU.ActiveCfg = Debug|x86
		{427EC7B8-CBF1-4C50-ABFD-7A3A3B1892C0}.Debug|x64.ActiveCfg = Debug|x86
		{427EC7B8-CBF1-4C50-ABFD-7A3A3B1892C0}.Debug|x86.ActiveCfg = Debug|x86
		{427EC7B8-CBF1-4C50-ABFD-7A3A3B1892C0}.Debug|x86.Build.0 = Debug|x86
		{427EC7B8-CBF1-4C50-ABFD-7A3A3B1892C0}.Release|Any CPU.ActiveCfg = Release|x86
		{427EC7B8-CBF1-4C50-ABFD-7A3A3B1892C0}.Release|x64.ActiveCfg = Release|x86
		{427EC7B8-CBF1-4C50-ABFD-7A3A3B1892C0}.Release|x86.ActiveCfg = Release|x86
		{427EC7B8-CBF1-4C50-ABFD-7A3A3B1892C0}.Release|x86.Build.0 = Release|x86
		{169600C4-03AF-4148-95BC-8ADD79FB5D58}.Debug|Any CPU.ActiveCfg = Debug|Any CPU
		{169600C4-03AF-4148-95BC-8ADD79FB5D58}.Debug|Any CPU.Build.0 = Debug|Any CPU
		{169600C4-03AF-4148-95BC-8ADD79FB5D58}.Debug|x64.ActiveCfg = Debug|Any CPU
		{169600C4-03AF-4148-95BC-8ADD79FB5D58}.Debug|x64.Build.0 = Debug|Any CPU
		{169600C4-03AF-4148-95BC-8ADD79FB5D58}.Debug|x86.ActiveCfg = Debug|Any CPU
		{169600C4-03AF-4148-95BC-8ADD79FB5D58}.Debug|x86.Build.0 = Debug|Any CPU
		{169600C4-03AF-4148-95BC-8ADD79FB5D58}.Release|Any CPU.ActiveCfg = Release|Any CPU
		{169600C4-03AF-4148-95BC-8ADD79FB5D58}.Release|Any CPU.Build.0 = Release|Any CPU
		{169600C4-03AF-4148-95BC-8ADD79FB5D58}.Release|x64.ActiveCfg = Release|Any CPU
		{169600C4-03AF-4148-95BC-8ADD79FB5D58}.Release|x64.Build.0 = Release|Any CPU
		{169600C4-03AF-4148-95BC-8ADD79FB5D58}.Release|x86.ActiveCfg = Release|Any CPU
		{169600C4-03AF-4148-95BC-8ADD79FB5D58}.Release|x86.Build.0 = Release|Any CPU
		{0AC04EDC-D2C7-4AB0-BE34-E61A565CDE78}.Debug|Any CPU.ActiveCfg = Debug|Any CPU
		{0AC04EDC-D2C7-4AB0-BE34-E61A565CDE78}.Debug|Any CPU.Build.0 = Debug|Any CPU
		{0AC04EDC-D2C7-4AB0-BE34-E61A565CDE78}.Debug|x64.ActiveCfg = Debug|Any CPU
		{0AC04EDC-D2C7-4AB0-BE34-E61A565CDE78}.Debug|x64.Build.0 = Debug|Any CPU
		{0AC04EDC-D2C7-4AB0-BE34-E61A565CDE78}.Debug|x86.ActiveCfg = Debug|Any CPU
		{0AC04EDC-D2C7-4AB0-BE34-E61A565CDE78}.Debug|x86.Build.0 = Debug|Any CPU
		{0AC04EDC-D2C7-4AB0-BE34-E61A565CDE78}.Release|Any CPU.ActiveCfg = Release|Any CPU
		{0AC04EDC-D2C7-4AB0-BE34-E61A565CDE78}.Release|Any CPU.Build.0 = Release|Any CPU
		{0AC04EDC-D2C7-4AB0-BE34-E61A565CDE78}.Release|x64.ActiveCfg = Release|Any CPU
		{0AC04EDC-D2C7-4AB0-BE34-E61A565CDE78}.Release|x64.Build.0 = Release|Any CPU
		{0AC04EDC-D2C7-4AB0-BE34-E61A565CDE78}.Release|x86.ActiveCfg = Release|Any CPU
		{0AC04EDC-D2C7-4AB0-BE34-E61A565CDE78}.Release|x86.Build.0 = Release|Any CPU
		{D698CAA6-E2AD-42E2-9163-64AE9A85A26E}.Debug|Any CPU.ActiveCfg = Debug|Any CPU
		{D698CAA6-E2AD-42E2-9163-64AE9A85A26E}.Debug|Any CPU.Build.0 = Debug|Any CPU
		{D698CAA6-E2AD-42E2-9163-64AE9A85A26E}.Debug|x64.ActiveCfg = Debug|Any CPU
		{D698CAA6-E2AD-42E2-9163-64AE9A85A26E}.Debug|x64.Build.0 = Debug|Any CPU
		{D698CAA6-E2AD-42E2-9163-64AE9A85A26E}.Debug|x86.ActiveCfg = Debug|Any CPU
		{D698CAA6-E2AD-42E2-9163-64AE9A85A26E}.Debug|x86.Build.0 = Debug|Any CPU
		{D698CAA6-E2AD-42E2-9163-64AE9A85A26E}.Release|Any CPU.ActiveCfg = Release|Any CPU
		{D698CAA6-E2AD-42E2-9163-64AE9A85A26E}.Release|Any CPU.Build.0 = Release|Any CPU
		{D698CAA6-E2AD-42E2-9163-64AE9A85A26E}.Release|x64.ActiveCfg = Release|Any CPU
		{D698CAA6-E2AD-42E2-9163-64AE9A85A26E}.Release|x64.Build.0 = Release|Any CPU
		{D698CAA6-E2AD-42E2-9163-64AE9A85A26E}.Release|x86.ActiveCfg = Release|Any CPU
		{D698CAA6-E2AD-42E2-9163-64AE9A85A26E}.Release|x86.Build.0 = Release|Any CPU
		{2B29C912-8BDA-4260-A486-111BECCCC196}.Debug|Any CPU.ActiveCfg = Debug|Any CPU
		{2B29C912-8BDA-4260-A486-111BECCCC196}.Debug|Any CPU.Build.0 = Debug|Any CPU
		{2B29C912-8BDA-4260-A486-111BECCCC196}.Debug|x64.ActiveCfg = Debug|Any CPU
		{2B29C912-8BDA-4260-A486-111BECCCC196}.Debug|x64.Build.0 = Debug|Any CPU
		{2B29C912-8BDA-4260-A486-111BECCCC196}.Debug|x86.ActiveCfg = Debug|Any CPU
		{2B29C912-8BDA-4260-A486-111BECCCC196}.Debug|x86.Build.0 = Debug|Any CPU
		{2B29C912-8BDA-4260-A486-111BECCCC196}.Release|Any CPU.ActiveCfg = Release|Any CPU
		{2B29C912-8BDA-4260-A486-111BECCCC196}.Release|Any CPU.Build.0 = Release|Any CPU
		{2B29C912-8BDA-4260-A486-111BECCCC196}.Release|x64.ActiveCfg = Release|Any CPU
		{2B29C912-8BDA-4260-A486-111BECCCC196}.Release|x64.Build.0 = Release|Any CPU
		{2B29C912-8BDA-4260-A486-111BECCCC196}.Release|x86.ActiveCfg = Release|Any CPU
		{2B29C912-8BDA-4260-A486-111BECCCC196}.Release|x86.Build.0 = Release|Any CPU
		{94A1C8AF-FB8F-4905-937D-87B484314EEA}.Debug|Any CPU.ActiveCfg = Debug|Any CPU
		{94A1C8AF-FB8F-4905-937D-87B484314EEA}.Debug|Any CPU.Build.0 = Debug|Any CPU
		{94A1C8AF-FB8F-4905-937D-87B484314EEA}.Debug|x64.ActiveCfg = Debug|Any CPU
		{94A1C8AF-FB8F-4905-937D-87B484314EEA}.Debug|x64.Build.0 = Debug|Any CPU
		{94A1C8AF-FB8F-4905-937D-87B484314EEA}.Debug|x86.ActiveCfg = Debug|Any CPU
		{94A1C8AF-FB8F-4905-937D-87B484314EEA}.Debug|x86.Build.0 = Debug|Any CPU
		{94A1C8AF-FB8F-4905-937D-87B484314EEA}.Release|Any CPU.ActiveCfg = Release|Any CPU
		{94A1C8AF-FB8F-4905-937D-87B484314EEA}.Release|Any CPU.Build.0 = Release|Any CPU
		{94A1C8AF-FB8F-4905-937D-87B484314EEA}.Release|x64.ActiveCfg = Release|Any CPU
		{94A1C8AF-FB8F-4905-937D-87B484314EEA}.Release|x64.Build.0 = Release|Any CPU
		{94A1C8AF-FB8F-4905-937D-87B484314EEA}.Release|x86.ActiveCfg = Release|Any CPU
		{94A1C8AF-FB8F-4905-937D-87B484314EEA}.Release|x86.Build.0 = Release|Any CPU
		{AD3B4C30-C9C6-4EE9-8CB9-017437A5E69D}.Debug|Any CPU.ActiveCfg = Debug|Any CPU
		{AD3B4C30-C9C6-4EE9-8CB9-017437A5E69D}.Debug|Any CPU.Build.0 = Debug|Any CPU
		{AD3B4C30-C9C6-4EE9-8CB9-017437A5E69D}.Debug|x64.ActiveCfg = Debug|Any CPU
		{AD3B4C30-C9C6-4EE9-8CB9-017437A5E69D}.Debug|x64.Build.0 = Debug|Any CPU
		{AD3B4C30-C9C6-4EE9-8CB9-017437A5E69D}.Debug|x86.ActiveCfg = Debug|Any CPU
		{AD3B4C30-C9C6-4EE9-8CB9-017437A5E69D}.Debug|x86.Build.0 = Debug|Any CPU
		{AD3B4C30-C9C6-4EE9-8CB9-017437A5E69D}.Release|Any CPU.ActiveCfg = Release|Any CPU
		{AD3B4C30-C9C6-4EE9-8CB9-017437A5E69D}.Release|Any CPU.Build.0 = Release|Any CPU
		{AD3B4C30-C9C6-4EE9-8CB9-017437A5E69D}.Release|x64.ActiveCfg = Release|Any CPU
		{AD3B4C30-C9C6-4EE9-8CB9-017437A5E69D}.Release|x64.Build.0 = Release|Any CPU
		{AD3B4C30-C9C6-4EE9-8CB9-017437A5E69D}.Release|x86.ActiveCfg = Release|Any CPU
		{AD3B4C30-C9C6-4EE9-8CB9-017437A5E69D}.Release|x86.Build.0 = Release|Any CPU
		{2C4023FF-C6B0-4AC6-B085-097B93CC5741}.Debug|Any CPU.ActiveCfg = Debug|Any CPU
		{2C4023FF-C6B0-4AC6-B085-097B93CC5741}.Debug|Any CPU.Build.0 = Debug|Any CPU
		{2C4023FF-C6B0-4AC6-B085-097B93CC5741}.Debug|x64.ActiveCfg = Debug|Any CPU
		{2C4023FF-C6B0-4AC6-B085-097B93CC5741}.Debug|x64.Build.0 = Debug|Any CPU
		{2C4023FF-C6B0-4AC6-B085-097B93CC5741}.Debug|x86.ActiveCfg = Debug|Any CPU
		{2C4023FF-C6B0-4AC6-B085-097B93CC5741}.Debug|x86.Build.0 = Debug|Any CPU
		{2C4023FF-C6B0-4AC6-B085-097B93CC5741}.Release|Any CPU.ActiveCfg = Release|Any CPU
		{2C4023FF-C6B0-4AC6-B085-097B93CC5741}.Release|Any CPU.Build.0 = Release|Any CPU
		{2C4023FF-C6B0-4AC6-B085-097B93CC5741}.Release|x64.ActiveCfg = Release|Any CPU
		{2C4023FF-C6B0-4AC6-B085-097B93CC5741}.Release|x64.Build.0 = Release|Any CPU
		{2C4023FF-C6B0-4AC6-B085-097B93CC5741}.Release|x86.ActiveCfg = Release|Any CPU
		{2C4023FF-C6B0-4AC6-B085-097B93CC5741}.Release|x86.Build.0 = Release|Any CPU
		{00EA0AB7-B39F-40D5-A69F-15412BD951F2}.Debug|Any CPU.ActiveCfg = Debug|Any CPU
		{00EA0AB7-B39F-40D5-A69F-15412BD951F2}.Debug|Any CPU.Build.0 = Debug|Any CPU
		{00EA0AB7-B39F-40D5-A69F-15412BD951F2}.Debug|x64.ActiveCfg = Debug|Any CPU
		{00EA0AB7-B39F-40D5-A69F-15412BD951F2}.Debug|x64.Build.0 = Debug|Any CPU
		{00EA0AB7-B39F-40D5-A69F-15412BD951F2}.Debug|x86.ActiveCfg = Debug|Any CPU
		{00EA0AB7-B39F-40D5-A69F-15412BD951F2}.Debug|x86.Build.0 = Debug|Any CPU
		{00EA0AB7-B39F-40D5-A69F-15412BD951F2}.Release|Any CPU.ActiveCfg = Release|Any CPU
		{00EA0AB7-B39F-40D5-A69F-15412BD951F2}.Release|Any CPU.Build.0 = Release|Any CPU
		{00EA0AB7-B39F-40D5-A69F-15412BD951F2}.Release|x64.ActiveCfg = Release|Any CPU
		{00EA0AB7-B39F-40D5-A69F-15412BD951F2}.Release|x64.Build.0 = Release|Any CPU
		{00EA0AB7-B39F-40D5-A69F-15412BD951F2}.Release|x86.ActiveCfg = Release|Any CPU
		{00EA0AB7-B39F-40D5-A69F-15412BD951F2}.Release|x86.Build.0 = Release|Any CPU
		{28E75E1F-40E3-479D-9077-FF4ECC77E950}.Debug|Any CPU.ActiveCfg = Debug|Any CPU
		{28E75E1F-40E3-479D-9077-FF4ECC77E950}.Debug|Any CPU.Build.0 = Debug|Any CPU
		{28E75E1F-40E3-479D-9077-FF4ECC77E950}.Debug|x64.ActiveCfg = Debug|Any CPU
		{28E75E1F-40E3-479D-9077-FF4ECC77E950}.Debug|x64.Build.0 = Debug|Any CPU
		{28E75E1F-40E3-479D-9077-FF4ECC77E950}.Debug|x86.ActiveCfg = Debug|Any CPU
		{28E75E1F-40E3-479D-9077-FF4ECC77E950}.Debug|x86.Build.0 = Debug|Any CPU
		{28E75E1F-40E3-479D-9077-FF4ECC77E950}.Release|Any CPU.ActiveCfg = Release|Any CPU
		{28E75E1F-40E3-479D-9077-FF4ECC77E950}.Release|Any CPU.Build.0 = Release|Any CPU
		{28E75E1F-40E3-479D-9077-FF4ECC77E950}.Release|x64.ActiveCfg = Release|Any CPU
		{28E75E1F-40E3-479D-9077-FF4ECC77E950}.Release|x64.Build.0 = Release|Any CPU
		{28E75E1F-40E3-479D-9077-FF4ECC77E950}.Release|x86.ActiveCfg = Release|Any CPU
		{28E75E1F-40E3-479D-9077-FF4ECC77E950}.Release|x86.Build.0 = Release|Any CPU
		{8E749192-4203-4D61-8565-6463ED1322AC}.Debug|Any CPU.ActiveCfg = Debug|Any CPU
		{8E749192-4203-4D61-8565-6463ED1322AC}.Debug|Any CPU.Build.0 = Debug|Any CPU
		{8E749192-4203-4D61-8565-6463ED1322AC}.Debug|x64.ActiveCfg = Debug|Any CPU
		{8E749192-4203-4D61-8565-6463ED1322AC}.Debug|x64.Build.0 = Debug|Any CPU
		{8E749192-4203-4D61-8565-6463ED1322AC}.Debug|x86.ActiveCfg = Debug|Any CPU
		{8E749192-4203-4D61-8565-6463ED1322AC}.Debug|x86.Build.0 = Debug|Any CPU
		{8E749192-4203-4D61-8565-6463ED1322AC}.Release|Any CPU.ActiveCfg = Release|Any CPU
		{8E749192-4203-4D61-8565-6463ED1322AC}.Release|Any CPU.Build.0 = Release|Any CPU
		{8E749192-4203-4D61-8565-6463ED1322AC}.Release|x64.ActiveCfg = Release|Any CPU
		{8E749192-4203-4D61-8565-6463ED1322AC}.Release|x64.Build.0 = Release|Any CPU
		{8E749192-4203-4D61-8565-6463ED1322AC}.Release|x86.ActiveCfg = Release|Any CPU
		{8E749192-4203-4D61-8565-6463ED1322AC}.Release|x86.Build.0 = Release|Any CPU
		{EBBF24CF-1F20-4801-BB8C-A17EE88C7700}.Debug|Any CPU.ActiveCfg = Debug|Any CPU
		{EBBF24CF-1F20-4801-BB8C-A17EE88C7700}.Debug|Any CPU.Build.0 = Debug|Any CPU
		{EBBF24CF-1F20-4801-BB8C-A17EE88C7700}.Debug|x64.ActiveCfg = Debug|Any CPU
		{EBBF24CF-1F20-4801-BB8C-A17EE88C7700}.Debug|x64.Build.0 = Debug|Any CPU
		{EBBF24CF-1F20-4801-BB8C-A17EE88C7700}.Debug|x86.ActiveCfg = Debug|Any CPU
		{EBBF24CF-1F20-4801-BB8C-A17EE88C7700}.Debug|x86.Build.0 = Debug|Any CPU
		{EBBF24CF-1F20-4801-BB8C-A17EE88C7700}.Release|Any CPU.ActiveCfg = Release|Any CPU
		{EBBF24CF-1F20-4801-BB8C-A17EE88C7700}.Release|Any CPU.Build.0 = Release|Any CPU
		{EBBF24CF-1F20-4801-BB8C-A17EE88C7700}.Release|x64.ActiveCfg = Release|Any CPU
		{EBBF24CF-1F20-4801-BB8C-A17EE88C7700}.Release|x64.Build.0 = Release|Any CPU
		{EBBF24CF-1F20-4801-BB8C-A17EE88C7700}.Release|x86.ActiveCfg = Release|Any CPU
		{EBBF24CF-1F20-4801-BB8C-A17EE88C7700}.Release|x86.Build.0 = Release|Any CPU
		{7FA10C38-ED1B-49E1-B077-523EB4C18D0B}.Debug|Any CPU.ActiveCfg = Debug|Any CPU
		{7FA10C38-ED1B-49E1-B077-523EB4C18D0B}.Debug|Any CPU.Build.0 = Debug|Any CPU
		{7FA10C38-ED1B-49E1-B077-523EB4C18D0B}.Debug|x64.ActiveCfg = Debug|Any CPU
		{7FA10C38-ED1B-49E1-B077-523EB4C18D0B}.Debug|x64.Build.0 = Debug|Any CPU
		{7FA10C38-ED1B-49E1-B077-523EB4C18D0B}.Debug|x86.ActiveCfg = Debug|Any CPU
		{7FA10C38-ED1B-49E1-B077-523EB4C18D0B}.Debug|x86.Build.0 = Debug|Any CPU
		{7FA10C38-ED1B-49E1-B077-523EB4C18D0B}.Release|Any CPU.ActiveCfg = Release|Any CPU
		{7FA10C38-ED1B-49E1-B077-523EB4C18D0B}.Release|Any CPU.Build.0 = Release|Any CPU
		{7FA10C38-ED1B-49E1-B077-523EB4C18D0B}.Release|x64.ActiveCfg = Release|Any CPU
		{7FA10C38-ED1B-49E1-B077-523EB4C18D0B}.Release|x64.Build.0 = Release|Any CPU
		{7FA10C38-ED1B-49E1-B077-523EB4C18D0B}.Release|x86.ActiveCfg = Release|Any CPU
		{7FA10C38-ED1B-49E1-B077-523EB4C18D0B}.Release|x86.Build.0 = Release|Any CPU
		{14B3A950-70A6-407B-9C32-C79826255443}.Debug|Any CPU.ActiveCfg = Debug|Any CPU
		{14B3A950-70A6-407B-9C32-C79826255443}.Debug|Any CPU.Build.0 = Debug|Any CPU
		{14B3A950-70A6-407B-9C32-C79826255443}.Debug|x64.ActiveCfg = Debug|Any CPU
		{14B3A950-70A6-407B-9C32-C79826255443}.Debug|x64.Build.0 = Debug|Any CPU
		{14B3A950-70A6-407B-9C32-C79826255443}.Debug|x86.ActiveCfg = Debug|Any CPU
		{14B3A950-70A6-407B-9C32-C79826255443}.Debug|x86.Build.0 = Debug|Any CPU
		{14B3A950-70A6-407B-9C32-C79826255443}.Release|Any CPU.ActiveCfg = Release|Any CPU
		{14B3A950-70A6-407B-9C32-C79826255443}.Release|Any CPU.Build.0 = Release|Any CPU
		{14B3A950-70A6-407B-9C32-C79826255443}.Release|x64.ActiveCfg = Release|Any CPU
		{14B3A950-70A6-407B-9C32-C79826255443}.Release|x64.Build.0 = Release|Any CPU
		{14B3A950-70A6-407B-9C32-C79826255443}.Release|x86.ActiveCfg = Release|Any CPU
		{14B3A950-70A6-407B-9C32-C79826255443}.Release|x86.Build.0 = Release|Any CPU
		{1DEAA2B9-797D-429C-A6BE-63D747FD4B1C}.Debug|Any CPU.ActiveCfg = Debug|Any CPU
		{1DEAA2B9-797D-429C-A6BE-63D747FD4B1C}.Debug|Any CPU.Build.0 = Debug|Any CPU
		{1DEAA2B9-797D-429C-A6BE-63D747FD4B1C}.Debug|x64.ActiveCfg = Debug|Any CPU
		{1DEAA2B9-797D-429C-A6BE-63D747FD4B1C}.Debug|x64.Build.0 = Debug|Any CPU
		{1DEAA2B9-797D-429C-A6BE-63D747FD4B1C}.Debug|x86.ActiveCfg = Debug|Any CPU
		{1DEAA2B9-797D-429C-A6BE-63D747FD4B1C}.Debug|x86.Build.0 = Debug|Any CPU
		{1DEAA2B9-797D-429C-A6BE-63D747FD4B1C}.Release|Any CPU.ActiveCfg = Release|Any CPU
		{1DEAA2B9-797D-429C-A6BE-63D747FD4B1C}.Release|Any CPU.Build.0 = Release|Any CPU
		{1DEAA2B9-797D-429C-A6BE-63D747FD4B1C}.Release|x64.ActiveCfg = Release|Any CPU
		{1DEAA2B9-797D-429C-A6BE-63D747FD4B1C}.Release|x64.Build.0 = Release|Any CPU
		{1DEAA2B9-797D-429C-A6BE-63D747FD4B1C}.Release|x86.ActiveCfg = Release|Any CPU
		{1DEAA2B9-797D-429C-A6BE-63D747FD4B1C}.Release|x86.Build.0 = Release|Any CPU
		{0038695C-9C44-4442-894C-E007E9590F13}.Debug|Any CPU.ActiveCfg = Debug|Any CPU
		{0038695C-9C44-4442-894C-E007E9590F13}.Debug|Any CPU.Build.0 = Debug|Any CPU
		{0038695C-9C44-4442-894C-E007E9590F13}.Debug|x64.ActiveCfg = Debug|Any CPU
		{0038695C-9C44-4442-894C-E007E9590F13}.Debug|x64.Build.0 = Debug|Any CPU
		{0038695C-9C44-4442-894C-E007E9590F13}.Debug|x86.ActiveCfg = Debug|Any CPU
		{0038695C-9C44-4442-894C-E007E9590F13}.Debug|x86.Build.0 = Debug|Any CPU
		{0038695C-9C44-4442-894C-E007E9590F13}.Release|Any CPU.ActiveCfg = Release|Any CPU
		{0038695C-9C44-4442-894C-E007E9590F13}.Release|Any CPU.Build.0 = Release|Any CPU
		{0038695C-9C44-4442-894C-E007E9590F13}.Release|x64.ActiveCfg = Release|Any CPU
		{0038695C-9C44-4442-894C-E007E9590F13}.Release|x64.Build.0 = Release|Any CPU
		{0038695C-9C44-4442-894C-E007E9590F13}.Release|x86.ActiveCfg = Release|Any CPU
		{0038695C-9C44-4442-894C-E007E9590F13}.Release|x86.Build.0 = Release|Any CPU
		{02F53CF0-21BD-4D99-94E1-1146D5442C31}.Debug|Any CPU.ActiveCfg = Debug|Any CPU
		{02F53CF0-21BD-4D99-94E1-1146D5442C31}.Debug|Any CPU.Build.0 = Debug|Any CPU
		{02F53CF0-21BD-4D99-94E1-1146D5442C31}.Debug|x64.ActiveCfg = Debug|Any CPU
		{02F53CF0-21BD-4D99-94E1-1146D5442C31}.Debug|x64.Build.0 = Debug|Any CPU
		{02F53CF0-21BD-4D99-94E1-1146D5442C31}.Debug|x86.ActiveCfg = Debug|Any CPU
		{02F53CF0-21BD-4D99-94E1-1146D5442C31}.Debug|x86.Build.0 = Debug|Any CPU
		{02F53CF0-21BD-4D99-94E1-1146D5442C31}.Release|Any CPU.ActiveCfg = Release|Any CPU
		{02F53CF0-21BD-4D99-94E1-1146D5442C31}.Release|Any CPU.Build.0 = Release|Any CPU
		{02F53CF0-21BD-4D99-94E1-1146D5442C31}.Release|x64.ActiveCfg = Release|Any CPU
		{02F53CF0-21BD-4D99-94E1-1146D5442C31}.Release|x64.Build.0 = Release|Any CPU
		{02F53CF0-21BD-4D99-94E1-1146D5442C31}.Release|x86.ActiveCfg = Release|Any CPU
		{02F53CF0-21BD-4D99-94E1-1146D5442C31}.Release|x86.Build.0 = Release|Any CPU
		{D0A4E6A4-260A-462F-B5EA-A036BD3AA045}.Debug|Any CPU.ActiveCfg = Debug|Any CPU
		{D0A4E6A4-260A-462F-B5EA-A036BD3AA045}.Debug|Any CPU.Build.0 = Debug|Any CPU
		{D0A4E6A4-260A-462F-B5EA-A036BD3AA045}.Debug|x64.ActiveCfg = Debug|Any CPU
		{D0A4E6A4-260A-462F-B5EA-A036BD3AA045}.Debug|x64.Build.0 = Debug|Any CPU
		{D0A4E6A4-260A-462F-B5EA-A036BD3AA045}.Debug|x86.ActiveCfg = Debug|Any CPU
		{D0A4E6A4-260A-462F-B5EA-A036BD3AA045}.Debug|x86.Build.0 = Debug|Any CPU
		{D0A4E6A4-260A-462F-B5EA-A036BD3AA045}.Release|Any CPU.ActiveCfg = Release|Any CPU
		{D0A4E6A4-260A-462F-B5EA-A036BD3AA045}.Release|Any CPU.Build.0 = Release|Any CPU
		{D0A4E6A4-260A-462F-B5EA-A036BD3AA045}.Release|x64.ActiveCfg = Release|Any CPU
		{D0A4E6A4-260A-462F-B5EA-A036BD3AA045}.Release|x64.Build.0 = Release|Any CPU
		{D0A4E6A4-260A-462F-B5EA-A036BD3AA045}.Release|x86.ActiveCfg = Release|Any CPU
		{D0A4E6A4-260A-462F-B5EA-A036BD3AA045}.Release|x86.Build.0 = Release|Any CPU
		{789665CF-356F-4594-BFF3-6B4114498DE0}.Debug|Any CPU.ActiveCfg = Debug|Any CPU
		{789665CF-356F-4594-BFF3-6B4114498DE0}.Debug|Any CPU.Build.0 = Debug|Any CPU
		{789665CF-356F-4594-BFF3-6B4114498DE0}.Debug|x64.ActiveCfg = Debug|Any CPU
		{789665CF-356F-4594-BFF3-6B4114498DE0}.Debug|x64.Build.0 = Debug|Any CPU
		{789665CF-356F-4594-BFF3-6B4114498DE0}.Debug|x86.ActiveCfg = Debug|Any CPU
		{789665CF-356F-4594-BFF3-6B4114498DE0}.Debug|x86.Build.0 = Debug|Any CPU
		{789665CF-356F-4594-BFF3-6B4114498DE0}.Release|Any CPU.ActiveCfg = Release|Any CPU
		{789665CF-356F-4594-BFF3-6B4114498DE0}.Release|Any CPU.Build.0 = Release|Any CPU
		{789665CF-356F-4594-BFF3-6B4114498DE0}.Release|x64.ActiveCfg = Release|Any CPU
		{789665CF-356F-4594-BFF3-6B4114498DE0}.Release|x64.Build.0 = Release|Any CPU
		{789665CF-356F-4594-BFF3-6B4114498DE0}.Release|x86.ActiveCfg = Release|Any CPU
		{789665CF-356F-4594-BFF3-6B4114498DE0}.Release|x86.Build.0 = Release|Any CPU
		{512437ED-0F4F-4362-A4B5-AD4C820AD461}.Debug|Any CPU.ActiveCfg = Debug|Any CPU
		{512437ED-0F4F-4362-A4B5-AD4C820AD461}.Debug|Any CPU.Build.0 = Debug|Any CPU
		{512437ED-0F4F-4362-A4B5-AD4C820AD461}.Debug|x64.ActiveCfg = Debug|Any CPU
		{512437ED-0F4F-4362-A4B5-AD4C820AD461}.Debug|x64.Build.0 = Debug|Any CPU
		{512437ED-0F4F-4362-A4B5-AD4C820AD461}.Debug|x86.ActiveCfg = Debug|Any CPU
		{512437ED-0F4F-4362-A4B5-AD4C820AD461}.Debug|x86.Build.0 = Debug|Any CPU
		{512437ED-0F4F-4362-A4B5-AD4C820AD461}.Release|Any CPU.ActiveCfg = Release|Any CPU
		{512437ED-0F4F-4362-A4B5-AD4C820AD461}.Release|Any CPU.Build.0 = Release|Any CPU
		{512437ED-0F4F-4362-A4B5-AD4C820AD461}.Release|x64.ActiveCfg = Release|Any CPU
		{512437ED-0F4F-4362-A4B5-AD4C820AD461}.Release|x64.Build.0 = Release|Any CPU
		{512437ED-0F4F-4362-A4B5-AD4C820AD461}.Release|x86.ActiveCfg = Release|Any CPU
		{512437ED-0F4F-4362-A4B5-AD4C820AD461}.Release|x86.Build.0 = Release|Any CPU
		{D0178B79-90B8-4D6E-82C1-02AA4D505D22}.Debug|Any CPU.ActiveCfg = Debug|Any CPU
		{D0178B79-90B8-4D6E-82C1-02AA4D505D22}.Debug|Any CPU.Build.0 = Debug|Any CPU
		{D0178B79-90B8-4D6E-82C1-02AA4D505D22}.Debug|x64.ActiveCfg = Debug|Any CPU
		{D0178B79-90B8-4D6E-82C1-02AA4D505D22}.Debug|x64.Build.0 = Debug|Any CPU
		{D0178B79-90B8-4D6E-82C1-02AA4D505D22}.Debug|x86.ActiveCfg = Debug|Any CPU
		{D0178B79-90B8-4D6E-82C1-02AA4D505D22}.Debug|x86.Build.0 = Debug|Any CPU
		{D0178B79-90B8-4D6E-82C1-02AA4D505D22}.Release|Any CPU.ActiveCfg = Release|Any CPU
		{D0178B79-90B8-4D6E-82C1-02AA4D505D22}.Release|Any CPU.Build.0 = Release|Any CPU
		{D0178B79-90B8-4D6E-82C1-02AA4D505D22}.Release|x64.ActiveCfg = Release|Any CPU
		{D0178B79-90B8-4D6E-82C1-02AA4D505D22}.Release|x64.Build.0 = Release|Any CPU
		{D0178B79-90B8-4D6E-82C1-02AA4D505D22}.Release|x86.ActiveCfg = Release|Any CPU
		{D0178B79-90B8-4D6E-82C1-02AA4D505D22}.Release|x86.Build.0 = Release|Any CPU
		{6D8DDB75-117C-4E20-8E29-50A09E7DCCB2}.Debug|Any CPU.ActiveCfg = Debug|Any CPU
		{6D8DDB75-117C-4E20-8E29-50A09E7DCCB2}.Debug|Any CPU.Build.0 = Debug|Any CPU
		{6D8DDB75-117C-4E20-8E29-50A09E7DCCB2}.Debug|x64.ActiveCfg = Debug|Any CPU
		{6D8DDB75-117C-4E20-8E29-50A09E7DCCB2}.Debug|x64.Build.0 = Debug|Any CPU
		{6D8DDB75-117C-4E20-8E29-50A09E7DCCB2}.Debug|x86.ActiveCfg = Debug|Any CPU
		{6D8DDB75-117C-4E20-8E29-50A09E7DCCB2}.Debug|x86.Build.0 = Debug|Any CPU
		{6D8DDB75-117C-4E20-8E29-50A09E7DCCB2}.Release|Any CPU.ActiveCfg = Release|Any CPU
		{6D8DDB75-117C-4E20-8E29-50A09E7DCCB2}.Release|Any CPU.Build.0 = Release|Any CPU
		{6D8DDB75-117C-4E20-8E29-50A09E7DCCB2}.Release|x64.ActiveCfg = Release|Any CPU
		{6D8DDB75-117C-4E20-8E29-50A09E7DCCB2}.Release|x64.Build.0 = Release|Any CPU
		{6D8DDB75-117C-4E20-8E29-50A09E7DCCB2}.Release|x86.ActiveCfg = Release|Any CPU
		{6D8DDB75-117C-4E20-8E29-50A09E7DCCB2}.Release|x86.Build.0 = Release|Any CPU
		{86312673-9815-457A-AE6D-315FD4ACD5D1}.Debug|Any CPU.ActiveCfg = Debug|Any CPU
		{86312673-9815-457A-AE6D-315FD4ACD5D1}.Debug|Any CPU.Build.0 = Debug|Any CPU
		{86312673-9815-457A-AE6D-315FD4ACD5D1}.Debug|x64.ActiveCfg = Debug|Any CPU
		{86312673-9815-457A-AE6D-315FD4ACD5D1}.Debug|x64.Build.0 = Debug|Any CPU
		{86312673-9815-457A-AE6D-315FD4ACD5D1}.Debug|x86.ActiveCfg = Debug|Any CPU
		{86312673-9815-457A-AE6D-315FD4ACD5D1}.Debug|x86.Build.0 = Debug|Any CPU
		{86312673-9815-457A-AE6D-315FD4ACD5D1}.Release|Any CPU.ActiveCfg = Release|Any CPU
		{86312673-9815-457A-AE6D-315FD4ACD5D1}.Release|Any CPU.Build.0 = Release|Any CPU
		{86312673-9815-457A-AE6D-315FD4ACD5D1}.Release|x64.ActiveCfg = Release|Any CPU
		{86312673-9815-457A-AE6D-315FD4ACD5D1}.Release|x64.Build.0 = Release|Any CPU
		{86312673-9815-457A-AE6D-315FD4ACD5D1}.Release|x86.ActiveCfg = Release|Any CPU
		{86312673-9815-457A-AE6D-315FD4ACD5D1}.Release|x86.Build.0 = Release|Any CPU
		{49A66FF2-1EF4-450B-BAC2-38A6BB146FBE}.Debug|Any CPU.ActiveCfg = Debug|Any CPU
		{49A66FF2-1EF4-450B-BAC2-38A6BB146FBE}.Debug|Any CPU.Build.0 = Debug|Any CPU
		{49A66FF2-1EF4-450B-BAC2-38A6BB146FBE}.Debug|x64.ActiveCfg = Debug|Any CPU
		{49A66FF2-1EF4-450B-BAC2-38A6BB146FBE}.Debug|x64.Build.0 = Debug|Any CPU
		{49A66FF2-1EF4-450B-BAC2-38A6BB146FBE}.Debug|x86.ActiveCfg = Debug|Any CPU
		{49A66FF2-1EF4-450B-BAC2-38A6BB146FBE}.Debug|x86.Build.0 = Debug|Any CPU
		{49A66FF2-1EF4-450B-BAC2-38A6BB146FBE}.Release|Any CPU.ActiveCfg = Release|Any CPU
		{49A66FF2-1EF4-450B-BAC2-38A6BB146FBE}.Release|Any CPU.Build.0 = Release|Any CPU
		{49A66FF2-1EF4-450B-BAC2-38A6BB146FBE}.Release|x64.ActiveCfg = Release|Any CPU
		{49A66FF2-1EF4-450B-BAC2-38A6BB146FBE}.Release|x64.Build.0 = Release|Any CPU
		{49A66FF2-1EF4-450B-BAC2-38A6BB146FBE}.Release|x86.ActiveCfg = Release|Any CPU
		{49A66FF2-1EF4-450B-BAC2-38A6BB146FBE}.Release|x86.Build.0 = Release|Any CPU
		{1E635A74-EF69-4B6E-B165-C5240AF3EE52}.Debug|Any CPU.ActiveCfg = Debug|Any CPU
		{1E635A74-EF69-4B6E-B165-C5240AF3EE52}.Debug|Any CPU.Build.0 = Debug|Any CPU
		{1E635A74-EF69-4B6E-B165-C5240AF3EE52}.Debug|x64.ActiveCfg = Debug|Any CPU
		{1E635A74-EF69-4B6E-B165-C5240AF3EE52}.Debug|x64.Build.0 = Debug|Any CPU
		{1E635A74-EF69-4B6E-B165-C5240AF3EE52}.Debug|x86.ActiveCfg = Debug|Any CPU
		{1E635A74-EF69-4B6E-B165-C5240AF3EE52}.Debug|x86.Build.0 = Debug|Any CPU
		{1E635A74-EF69-4B6E-B165-C5240AF3EE52}.Release|Any CPU.ActiveCfg = Release|Any CPU
		{1E635A74-EF69-4B6E-B165-C5240AF3EE52}.Release|Any CPU.Build.0 = Release|Any CPU
		{1E635A74-EF69-4B6E-B165-C5240AF3EE52}.Release|x64.ActiveCfg = Release|Any CPU
		{1E635A74-EF69-4B6E-B165-C5240AF3EE52}.Release|x64.Build.0 = Release|Any CPU
		{1E635A74-EF69-4B6E-B165-C5240AF3EE52}.Release|x86.ActiveCfg = Release|Any CPU
		{1E635A74-EF69-4B6E-B165-C5240AF3EE52}.Release|x86.Build.0 = Release|Any CPU
		{E459192C-24F9-467B-9290-6BA15236DDB0}.Debug|Any CPU.ActiveCfg = Debug|Any CPU
		{E459192C-24F9-467B-9290-6BA15236DDB0}.Debug|Any CPU.Build.0 = Debug|Any CPU
		{E459192C-24F9-467B-9290-6BA15236DDB0}.Debug|x64.ActiveCfg = Debug|Any CPU
		{E459192C-24F9-467B-9290-6BA15236DDB0}.Debug|x64.Build.0 = Debug|Any CPU
		{E459192C-24F9-467B-9290-6BA15236DDB0}.Debug|x86.ActiveCfg = Debug|Any CPU
		{E459192C-24F9-467B-9290-6BA15236DDB0}.Debug|x86.Build.0 = Debug|Any CPU
		{E459192C-24F9-467B-9290-6BA15236DDB0}.Release|Any CPU.ActiveCfg = Release|Any CPU
		{E459192C-24F9-467B-9290-6BA15236DDB0}.Release|Any CPU.Build.0 = Release|Any CPU
		{E459192C-24F9-467B-9290-6BA15236DDB0}.Release|x64.ActiveCfg = Release|Any CPU
		{E459192C-24F9-467B-9290-6BA15236DDB0}.Release|x64.Build.0 = Release|Any CPU
		{E459192C-24F9-467B-9290-6BA15236DDB0}.Release|x86.ActiveCfg = Release|Any CPU
		{E459192C-24F9-467B-9290-6BA15236DDB0}.Release|x86.Build.0 = Release|Any CPU
		{2CA91F57-2D82-4FA1-9D08-050E6FB9F7B2}.Debug|Any CPU.ActiveCfg = Debug|Any CPU
		{2CA91F57-2D82-4FA1-9D08-050E6FB9F7B2}.Debug|Any CPU.Build.0 = Debug|Any CPU
		{2CA91F57-2D82-4FA1-9D08-050E6FB9F7B2}.Debug|x64.ActiveCfg = Debug|Any CPU
		{2CA91F57-2D82-4FA1-9D08-050E6FB9F7B2}.Debug|x64.Build.0 = Debug|Any CPU
		{2CA91F57-2D82-4FA1-9D08-050E6FB9F7B2}.Debug|x86.ActiveCfg = Debug|Any CPU
		{2CA91F57-2D82-4FA1-9D08-050E6FB9F7B2}.Debug|x86.Build.0 = Debug|Any CPU
		{2CA91F57-2D82-4FA1-9D08-050E6FB9F7B2}.Release|Any CPU.ActiveCfg = Release|Any CPU
		{2CA91F57-2D82-4FA1-9D08-050E6FB9F7B2}.Release|Any CPU.Build.0 = Release|Any CPU
		{2CA91F57-2D82-4FA1-9D08-050E6FB9F7B2}.Release|x64.ActiveCfg = Release|Any CPU
		{2CA91F57-2D82-4FA1-9D08-050E6FB9F7B2}.Release|x64.Build.0 = Release|Any CPU
		{2CA91F57-2D82-4FA1-9D08-050E6FB9F7B2}.Release|x86.ActiveCfg = Release|Any CPU
		{2CA91F57-2D82-4FA1-9D08-050E6FB9F7B2}.Release|x86.Build.0 = Release|Any CPU
	EndGlobalSection
	GlobalSection(SolutionProperties) = preSolution
		HideSolutionNode = FALSE
	EndGlobalSection
	GlobalSection(NestedProjects) = preSolution
		{C6718FBC-D1ED-4C89-B754-0EE8DC1C66DE} = {F7468C1D-D4A8-4543-857C-F1FF36578445}
		{C0379448-4EC5-4C27-AA41-67E317A69CA9} = {F7468C1D-D4A8-4543-857C-F1FF36578445}
		{CEEC9CD1-BAD9-4A13-837B-F52143BF7BBB} = {F7468C1D-D4A8-4543-857C-F1FF36578445}
		{CCD3CD05-D1D0-4266-88C5-B4A7446734B2} = {C6718FBC-D1ED-4C89-B754-0EE8DC1C66DE}
		{27B26CF1-84C0-46BA-AC61-E4C90C98907C} = {3B967AEA-B805-49D1-A7BA-87D40C73D3F5}
		{9AD568C1-B179-43AA-8BBE-4F32CD016312} = {C0379448-4EC5-4C27-AA41-67E317A69CA9}
		{886A9353-9FBA-44E1-96F3-BC8B1F57DEE7} = {3B967AEA-B805-49D1-A7BA-87D40C73D3F5}
		{97627627-CA90-4749-9532-0BA20C633021} = {C0379448-4EC5-4C27-AA41-67E317A69CA9}
		{3B967AEA-B805-49D1-A7BA-87D40C73D3F5} = {C0379448-4EC5-4C27-AA41-67E317A69CA9}
		{317C4C86-337B-4EF2-AC53-576F85B105DE} = {CCD3CD05-D1D0-4266-88C5-B4A7446734B2}
		{101C0F99-3772-4F26-8F49-D753AE54A251} = {27B26CF1-84C0-46BA-AC61-E4C90C98907C}
		{BE207AF6-E224-416E-93AE-3A3292E864B0} = {27B26CF1-84C0-46BA-AC61-E4C90C98907C}
		{427EC7B8-CBF1-4C50-ABFD-7A3A3B1892C0} = {27B26CF1-84C0-46BA-AC61-E4C90C98907C}
		{169600C4-03AF-4148-95BC-8ADD79FB5D58} = {9AD568C1-B179-43AA-8BBE-4F32CD016312}
		{0AC04EDC-D2C7-4AB0-BE34-E61A565CDE78} = {9AD568C1-B179-43AA-8BBE-4F32CD016312}
		{D698CAA6-E2AD-42E2-9163-64AE9A85A26E} = {9AD568C1-B179-43AA-8BBE-4F32CD016312}
		{2B29C912-8BDA-4260-A486-111BECCCC196} = {886A9353-9FBA-44E1-96F3-BC8B1F57DEE7}
		{94A1C8AF-FB8F-4905-937D-87B484314EEA} = {97627627-CA90-4749-9532-0BA20C633021}
		{EAFA31DD-F444-406B-B980-0A88EA3FAEE7} = {C6718FBC-D1ED-4C89-B754-0EE8DC1C66DE}
		{2C4023FF-C6B0-4AC6-B085-097B93CC5741} = {EAFA31DD-F444-406B-B980-0A88EA3FAEE7}
		{00EA0AB7-B39F-40D5-A69F-15412BD951F2} = {EAFA31DD-F444-406B-B980-0A88EA3FAEE7}
		{28E75E1F-40E3-479D-9077-FF4ECC77E950} = {347F9867-22AE-4931-B0D2-3F8254E89A15}
		{7E62A0DE-E6FA-4E72-BA4B-0F28E966B60C} = {CEEC9CD1-BAD9-4A13-837B-F52143BF7BBB}
		{8E749192-4203-4D61-8565-6463ED1322AC} = {7E62A0DE-E6FA-4E72-BA4B-0F28E966B60C}
		{EBBF24CF-1F20-4801-BB8C-A17EE88C7700} = {7E62A0DE-E6FA-4E72-BA4B-0F28E966B60C}
		{698312E2-2D4A-4F21-869D-7638DEF039C4} = {CEEC9CD1-BAD9-4A13-837B-F52143BF7BBB}
		{7FA10C38-ED1B-49E1-B077-523EB4C18D0B} = {698312E2-2D4A-4F21-869D-7638DEF039C4}
		{4109CB82-764C-4AE8-834D-52207FE13D90} = {C0379448-4EC5-4C27-AA41-67E317A69CA9}
		{14B3A950-70A6-407B-9C32-C79826255443} = {4109CB82-764C-4AE8-834D-52207FE13D90}
		{CB558F22-C5BD-48AC-BFDB-7A9886CECAA4} = {CEEC9CD1-BAD9-4A13-837B-F52143BF7BBB}
		{1DEAA2B9-797D-429C-A6BE-63D747FD4B1C} = {CB558F22-C5BD-48AC-BFDB-7A9886CECAA4}
		{16B20EC5-703D-4617-A309-CF9997FDBD1E} = {C0379448-4EC5-4C27-AA41-67E317A69CA9}
		{0038695C-9C44-4442-894C-E007E9590F13} = {16B20EC5-703D-4617-A309-CF9997FDBD1E}
		{2120C4F3-FDF0-4B55-A856-CA64192369BE} = {C0379448-4EC5-4C27-AA41-67E317A69CA9}
		{02F53CF0-21BD-4D99-94E1-1146D5442C31} = {2120C4F3-FDF0-4B55-A856-CA64192369BE}
		{8E49F1C2-1F02-42B1-BCF0-9B17546E2215} = {CEEC9CD1-BAD9-4A13-837B-F52143BF7BBB}
		{D0A4E6A4-260A-462F-B5EA-A036BD3AA045} = {8E49F1C2-1F02-42B1-BCF0-9B17546E2215}
		{789665CF-356F-4594-BFF3-6B4114498DE0} = {8E49F1C2-1F02-42B1-BCF0-9B17546E2215}
		{40CE967C-D8F6-4E63-9243-CC4309A640A5} = {C0379448-4EC5-4C27-AA41-67E317A69CA9}
		{512437ED-0F4F-4362-A4B5-AD4C820AD461} = {40CE967C-D8F6-4E63-9243-CC4309A640A5}
		{8B50FCA5-375D-4190-8BDE-2FBADC626DAF} = {CEEC9CD1-BAD9-4A13-837B-F52143BF7BBB}
		{86312673-9815-457A-AE6D-315FD4ACD5D1} = {8B50FCA5-375D-4190-8BDE-2FBADC626DAF}
		{2D81C5F0-D966-49AB-B097-71B3DEC9E690} = {C0379448-4EC5-4C27-AA41-67E317A69CA9}
		{49A66FF2-1EF4-450B-BAC2-38A6BB146FBE} = {2D81C5F0-D966-49AB-B097-71B3DEC9E690}
	EndGlobalSection
	GlobalSection(ExtensibilityGlobals) = postSolution
		SolutionGuid = {69BA65DC-DAA2-4F9B-BFB4-7CAF5191180F}
	EndGlobalSection
EndGlobal
