
Microsoft Visual Studio Solution File, Format Version 12.00
# Visual Studio Version 16
VisualStudioVersion = 16.0.29609.76
MinimumVisualStudioVersion = 10.0.40219.1
Project("{FAE04EC0-301F-11D3-BF4B-00C04F79EFBC}") = "HDF.Framework.Text", "HDF.Framework.Text\HDF.Framework.Text.csproj", "{B390CCFF-051A-4E24-AF54-6E0EA3724141}"
EndProject
Project("{FAE04EC0-301F-11D3-BF4B-00C04F79EFBC}") = "HDF.Framework.Common", "HDF.Framework.Common\HDF.Framework.Common.csproj", "{5B41F4D7-87F6-4D4E-BE27-8AEFA4F1DDDE}"
EndProject
Project("{FAE04EC0-301F-11D3-BF4B-00C04F79EFBC}") = "WindowsFormsApp1", "WindowsFormsApp1\WindowsFormsApp1.csproj", "{988A0FD2-8C43-48A6-98C8-A2EE2A906B7E}"
EndProject
Global
	GlobalSection(SolutionConfigurationPlatforms) = preSolution
		Debug|Any CPU = Debug|Any CPU
		Release|Any CPU = Release|Any CPU
	EndGlobalSection
	GlobalSection(ProjectConfigurationPlatforms) = postSolution
		{B390CCFF-051A-4E24-AF54-6E0EA3724141}.Debug|Any CPU.ActiveCfg = Debug|Any CPU
		{B390CCFF-051A-4E24-AF54-6E0EA3724141}.Debug|Any CPU.Build.0 = Debug|Any CPU
		{B390CCFF-051A-4E24-AF54-6E0EA3724141}.Release|Any CPU.ActiveCfg = Release|Any CPU
		{B390CCFF-051A-4E24-AF54-6E0EA3724141}.Release|Any CPU.Build.0 = Release|Any CPU
		{5B41F4D7-87F6-4D4E-BE27-8AEFA4F1DDDE}.Debug|Any CPU.ActiveCfg = Debug|Any CPU
		{5B41F4D7-87F6-4D4E-BE27-8AEFA4F1DDDE}.Debug|Any CPU.Build.0 = Debug|Any CPU
		{5B41F4D7-87F6-4D4E-BE27-8AEFA4F1DDDE}.Release|Any CPU.ActiveCfg = Release|Any CPU
		{5B41F4D7-87F6-4D4E-BE27-8AEFA4F1DDDE}.Release|Any CPU.Build.0 = Release|Any CPU
		{988A0FD2-8C43-48A6-98C8-A2EE2A906B7E}.Debug|Any CPU.ActiveCfg = Debug|Any CPU
		{988A0FD2-8C43-48A6-98C8-A2EE2A906B7E}.Debug|Any CPU.Build.0 = Debug|Any CPU
		{988A0FD2-8C43-48A6-98C8-A2EE2A906B7E}.Release|Any CPU.ActiveCfg = Release|Any CPU
		{988A0FD2-8C43-48A6-98C8-A2EE2A906B7E}.Release|Any CPU.Build.0 = Release|Any CPU
	EndGlobalSection
	GlobalSection(SolutionProperties) = preSolution
		HideSolutionNode = FALSE
	EndGlobalSection
	GlobalSection(ExtensibilityGlobals) = postSolution
		SolutionGuid = {69BA65DC-DAA2-4F9B-BFB4-7CAF5191180F}
	EndGlobalSection
EndGlobal
