
Microsoft Visual Studio Solution File, Format Version 12.00
# Visual Studio Version 16
VisualStudioVersion = 16.0.29609.76
MinimumVisualStudioVersion = 10.0.40219.1
Project("{FAE04EC0-301F-11D3-BF4B-00C04F79EFBC}") = "HDF.Framework.Text", "HDF.Framework.Text\HDF.Framework.Text.csproj", "{B390CCFF-051A-4E24-AF54-6E0EA3724141}"
EndProject
Project("{FAE04EC0-301F-11D3-BF4B-00C04F79EFBC}") = "HDF.Framework.Common", "HDF.Framework.Common\HDF.Framework.Common.csproj", "{5B41F4D7-87F6-4D4E-BE27-8AEFA4F1DDDE}"
EndProject
Project("{FAE04EC0-301F-11D3-BF4B-00C04F79EFBC}") = "Miniblink", "Miniblink\Miniblink.csproj", "{0AC04EDC-D2C7-4AB0-BE34-E61A565CDE78}"
EndProject
Project("{FAE04EC0-301F-11D3-BF4B-00C04F79EFBC}") = "Miniblink.Demo", "Miniblink.Demo\Miniblink.Demo.csproj", "{D698CAA6-E2AD-42E2-9163-64AE9A85A26E}"
EndProject
Project("{FAE04EC0-301F-11D3-BF4B-00C04F79EFBC}") = "HDF.Miniblink", "HDF.Miniblink\HDF.Miniblink.csproj", "{169600C4-03AF-4148-95BC-8ADD79FB5D58}"
EndProject
Project("{2150E333-8FDC-42A3-9474-1A3956D46DE8}") = "Miniblink_HDF", "Miniblink_HDF", "{90231C88-6A3F-430C-B87B-45F8EEBBDFF6}"
EndProject
Project("{9A19103F-16F7-4668-BE54-9A1E7A4F7556}") = "HDF.Core.WebApi", "HDF.Core.WebApi\HDF.Core.WebApi.csproj", "{4B814BE6-B478-48D1-B9E7-7DC4A464A610}"
EndProject
Project("{FAE04EC0-301F-11D3-BF4B-00C04F79EFBC}") = "HDF.Nuget.Server", "HDF.Nuget.Server\HDF.Nuget.Server.csproj", "{317C4C86-337B-4EF2-AC53-576F85B105DE}"
EndProject
Project("{FAE04EC0-301F-11D3-BF4B-00C04F79EFBC}") = "WindowsFormsApp2", "WindowsFormsApp2\WindowsFormsApp2.csproj", "{21B9740A-1A54-46AC-9DD3-66C12821683E}"
EndProject
Project("{FAE04EC0-301F-11D3-BF4B-00C04F79EFBC}") = "ConsoleApp1", "ConsoleApp1\ConsoleApp1.csproj", "{ED7D53B1-3265-4298-9183-8DC2A8677471}"
EndProject
Global
	GlobalSection(SolutionConfigurationPlatforms) = preSolution
		Debug|Any CPU = Debug|Any CPU
		Debug|x64 = Debug|x64
		Debug|x86 = Debug|x86
		Release|Any CPU = Release|Any CPU
		Release|x64 = Release|x64
		Release|x86 = Release|x86
	EndGlobalSection
	GlobalSection(ProjectConfigurationPlatforms) = postSolution
		{B390CCFF-051A-4E24-AF54-6E0EA3724141}.Debug|Any CPU.ActiveCfg = Debug|Any CPU
		{B390CCFF-051A-4E24-AF54-6E0EA3724141}.Debug|Any CPU.Build.0 = Debug|Any CPU
		{B390CCFF-051A-4E24-AF54-6E0EA3724141}.Debug|x64.ActiveCfg = Debug|Any CPU
		{B390CCFF-051A-4E24-AF54-6E0EA3724141}.Debug|x64.Build.0 = Debug|Any CPU
		{B390CCFF-051A-4E24-AF54-6E0EA3724141}.Debug|x86.ActiveCfg = Debug|Any CPU
		{B390CCFF-051A-4E24-AF54-6E0EA3724141}.Debug|x86.Build.0 = Debug|Any CPU
		{B390CCFF-051A-4E24-AF54-6E0EA3724141}.Release|Any CPU.ActiveCfg = Release|Any CPU
		{B390CCFF-051A-4E24-AF54-6E0EA3724141}.Release|Any CPU.Build.0 = Release|Any CPU
		{B390CCFF-051A-4E24-AF54-6E0EA3724141}.Release|x64.ActiveCfg = Release|Any CPU
		{B390CCFF-051A-4E24-AF54-6E0EA3724141}.Release|x64.Build.0 = Release|Any CPU
		{B390CCFF-051A-4E24-AF54-6E0EA3724141}.Release|x86.ActiveCfg = Release|Any CPU
		{B390CCFF-051A-4E24-AF54-6E0EA3724141}.Release|x86.Build.0 = Release|Any CPU
		{5B41F4D7-87F6-4D4E-BE27-8AEFA4F1DDDE}.Debug|Any CPU.ActiveCfg = Debug|Any CPU
		{5B41F4D7-87F6-4D4E-BE27-8AEFA4F1DDDE}.Debug|Any CPU.Build.0 = Debug|Any CPU
		{5B41F4D7-87F6-4D4E-BE27-8AEFA4F1DDDE}.Debug|x64.ActiveCfg = Debug|Any CPU
		{5B41F4D7-87F6-4D4E-BE27-8AEFA4F1DDDE}.Debug|x64.Build.0 = Debug|Any CPU
		{5B41F4D7-87F6-4D4E-BE27-8AEFA4F1DDDE}.Debug|x86.ActiveCfg = Debug|Any CPU
		{5B41F4D7-87F6-4D4E-BE27-8AEFA4F1DDDE}.Debug|x86.Build.0 = Debug|Any CPU
		{5B41F4D7-87F6-4D4E-BE27-8AEFA4F1DDDE}.Release|Any CPU.ActiveCfg = Release|Any CPU
		{5B41F4D7-87F6-4D4E-BE27-8AEFA4F1DDDE}.Release|Any CPU.Build.0 = Release|Any CPU
		{5B41F4D7-87F6-4D4E-BE27-8AEFA4F1DDDE}.Release|x64.ActiveCfg = Release|Any CPU
		{5B41F4D7-87F6-4D4E-BE27-8AEFA4F1DDDE}.Release|x64.Build.0 = Release|Any CPU
		{5B41F4D7-87F6-4D4E-BE27-8AEFA4F1DDDE}.Release|x86.ActiveCfg = Release|Any CPU
		{5B41F4D7-87F6-4D4E-BE27-8AEFA4F1DDDE}.Release|x86.Build.0 = Release|Any CPU
		{0AC04EDC-D2C7-4AB0-BE34-E61A565CDE78}.Debug|Any CPU.ActiveCfg = Debug|Any CPU
		{0AC04EDC-D2C7-4AB0-BE34-E61A565CDE78}.Debug|Any CPU.Build.0 = Debug|Any CPU
		{0AC04EDC-D2C7-4AB0-BE34-E61A565CDE78}.Debug|x64.ActiveCfg = Debug|Any CPU
		{0AC04EDC-D2C7-4AB0-BE34-E61A565CDE78}.Debug|x64.Build.0 = Debug|Any CPU
		{0AC04EDC-D2C7-4AB0-BE34-E61A565CDE78}.Debug|x86.ActiveCfg = Debug|Any CPU
		{0AC04EDC-D2C7-4AB0-BE34-E61A565CDE78}.Debug|x86.Build.0 = Debug|Any CPU
		{0AC04EDC-D2C7-4AB0-BE34-E61A565CDE78}.Release|Any CPU.ActiveCfg = Release|Any CPU
		{0AC04EDC-D2C7-4AB0-BE34-E61A565CDE78}.Release|Any CPU.Build.0 = Release|Any CPU
		{0AC04EDC-D2C7-4AB0-BE34-E61A565CDE78}.Release|x64.ActiveCfg = Release|Any CPU
		{0AC04EDC-D2C7-4AB0-BE34-E61A565CDE78}.Release|x64.Build.0 = Release|Any CPU
		{0AC04EDC-D2C7-4AB0-BE34-E61A565CDE78}.Release|x86.ActiveCfg = Release|Any CPU
		{0AC04EDC-D2C7-4AB0-BE34-E61A565CDE78}.Release|x86.Build.0 = Release|Any CPU
		{D698CAA6-E2AD-42E2-9163-64AE9A85A26E}.Debug|Any CPU.ActiveCfg = Debug|Any CPU
		{D698CAA6-E2AD-42E2-9163-64AE9A85A26E}.Debug|Any CPU.Build.0 = Debug|Any CPU
		{D698CAA6-E2AD-42E2-9163-64AE9A85A26E}.Debug|x64.ActiveCfg = Debug|Any CPU
		{D698CAA6-E2AD-42E2-9163-64AE9A85A26E}.Debug|x64.Build.0 = Debug|Any CPU
		{D698CAA6-E2AD-42E2-9163-64AE9A85A26E}.Debug|x86.ActiveCfg = Debug|Any CPU
		{D698CAA6-E2AD-42E2-9163-64AE9A85A26E}.Debug|x86.Build.0 = Debug|Any CPU
		{D698CAA6-E2AD-42E2-9163-64AE9A85A26E}.Release|Any CPU.ActiveCfg = Release|Any CPU
		{D698CAA6-E2AD-42E2-9163-64AE9A85A26E}.Release|Any CPU.Build.0 = Release|Any CPU
		{D698CAA6-E2AD-42E2-9163-64AE9A85A26E}.Release|x64.ActiveCfg = Release|Any CPU
		{D698CAA6-E2AD-42E2-9163-64AE9A85A26E}.Release|x64.Build.0 = Release|Any CPU
		{D698CAA6-E2AD-42E2-9163-64AE9A85A26E}.Release|x86.ActiveCfg = Release|Any CPU
		{D698CAA6-E2AD-42E2-9163-64AE9A85A26E}.Release|x86.Build.0 = Release|Any CPU
		{169600C4-03AF-4148-95BC-8ADD79FB5D58}.Debug|Any CPU.ActiveCfg = Debug|Any CPU
		{169600C4-03AF-4148-95BC-8ADD79FB5D58}.Debug|Any CPU.Build.0 = Debug|Any CPU
		{169600C4-03AF-4148-95BC-8ADD79FB5D58}.Debug|x64.ActiveCfg = Debug|Any CPU
		{169600C4-03AF-4148-95BC-8ADD79FB5D58}.Debug|x64.Build.0 = Debug|Any CPU
		{169600C4-03AF-4148-95BC-8ADD79FB5D58}.Debug|x86.ActiveCfg = Debug|Any CPU
		{169600C4-03AF-4148-95BC-8ADD79FB5D58}.Debug|x86.Build.0 = Debug|Any CPU
		{169600C4-03AF-4148-95BC-8ADD79FB5D58}.Release|Any CPU.ActiveCfg = Release|Any CPU
		{169600C4-03AF-4148-95BC-8ADD79FB5D58}.Release|Any CPU.Build.0 = Release|Any CPU
		{169600C4-03AF-4148-95BC-8ADD79FB5D58}.Release|x64.ActiveCfg = Release|Any CPU
		{169600C4-03AF-4148-95BC-8ADD79FB5D58}.Release|x64.Build.0 = Release|Any CPU
		{169600C4-03AF-4148-95BC-8ADD79FB5D58}.Release|x86.ActiveCfg = Release|Any CPU
		{169600C4-03AF-4148-95BC-8ADD79FB5D58}.Release|x86.Build.0 = Release|Any CPU
		{4B814BE6-B478-48D1-B9E7-7DC4A464A610}.Debug|Any CPU.ActiveCfg = Debug|Any CPU
		{4B814BE6-B478-48D1-B9E7-7DC4A464A610}.Debug|Any CPU.Build.0 = Debug|Any CPU
		{4B814BE6-B478-48D1-B9E7-7DC4A464A610}.Debug|x64.ActiveCfg = Debug|Any CPU
		{4B814BE6-B478-48D1-B9E7-7DC4A464A610}.Debug|x64.Build.0 = Debug|Any CPU
		{4B814BE6-B478-48D1-B9E7-7DC4A464A610}.Debug|x86.ActiveCfg = Debug|Any CPU
		{4B814BE6-B478-48D1-B9E7-7DC4A464A610}.Debug|x86.Build.0 = Debug|Any CPU
		{4B814BE6-B478-48D1-B9E7-7DC4A464A610}.Release|Any CPU.ActiveCfg = Release|Any CPU
		{4B814BE6-B478-48D1-B9E7-7DC4A464A610}.Release|Any CPU.Build.0 = Release|Any CPU
		{4B814BE6-B478-48D1-B9E7-7DC4A464A610}.Release|x64.ActiveCfg = Release|Any CPU
		{4B814BE6-B478-48D1-B9E7-7DC4A464A610}.Release|x64.Build.0 = Release|Any CPU
		{4B814BE6-B478-48D1-B9E7-7DC4A464A610}.Release|x86.ActiveCfg = Release|Any CPU
		{4B814BE6-B478-48D1-B9E7-7DC4A464A610}.Release|x86.Build.0 = Release|Any CPU
		{317C4C86-337B-4EF2-AC53-576F85B105DE}.Debug|Any CPU.ActiveCfg = Debug|Any CPU
		{317C4C86-337B-4EF2-AC53-576F85B105DE}.Debug|Any CPU.Build.0 = Debug|Any CPU
		{317C4C86-337B-4EF2-AC53-576F85B105DE}.Debug|x64.ActiveCfg = Debug|Any CPU
		{317C4C86-337B-4EF2-AC53-576F85B105DE}.Debug|x64.Build.0 = Debug|Any CPU
		{317C4C86-337B-4EF2-AC53-576F85B105DE}.Debug|x86.ActiveCfg = Debug|Any CPU
		{317C4C86-337B-4EF2-AC53-576F85B105DE}.Debug|x86.Build.0 = Debug|Any CPU
		{317C4C86-337B-4EF2-AC53-576F85B105DE}.Release|Any CPU.ActiveCfg = Release|Any CPU
		{317C4C86-337B-4EF2-AC53-576F85B105DE}.Release|Any CPU.Build.0 = Release|Any CPU
		{317C4C86-337B-4EF2-AC53-576F85B105DE}.Release|x64.ActiveCfg = Release|Any CPU
		{317C4C86-337B-4EF2-AC53-576F85B105DE}.Release|x64.Build.0 = Release|Any CPU
		{317C4C86-337B-4EF2-AC53-576F85B105DE}.Release|x86.ActiveCfg = Release|Any CPU
		{317C4C86-337B-4EF2-AC53-576F85B105DE}.Release|x86.Build.0 = Release|Any CPU
		{21B9740A-1A54-46AC-9DD3-66C12821683E}.Debug|Any CPU.ActiveCfg = Debug|Any CPU
		{21B9740A-1A54-46AC-9DD3-66C12821683E}.Debug|Any CPU.Build.0 = Debug|Any CPU
		{21B9740A-1A54-46AC-9DD3-66C12821683E}.Debug|x64.ActiveCfg = Debug|Any CPU
		{21B9740A-1A54-46AC-9DD3-66C12821683E}.Debug|x64.Build.0 = Debug|Any CPU
		{21B9740A-1A54-46AC-9DD3-66C12821683E}.Debug|x86.ActiveCfg = Debug|Any CPU
		{21B9740A-1A54-46AC-9DD3-66C12821683E}.Debug|x86.Build.0 = Debug|Any CPU
		{21B9740A-1A54-46AC-9DD3-66C12821683E}.Release|Any CPU.ActiveCfg = Release|Any CPU
		{21B9740A-1A54-46AC-9DD3-66C12821683E}.Release|Any CPU.Build.0 = Release|Any CPU
		{21B9740A-1A54-46AC-9DD3-66C12821683E}.Release|x64.ActiveCfg = Release|Any CPU
		{21B9740A-1A54-46AC-9DD3-66C12821683E}.Release|x64.Build.0 = Release|Any CPU
		{21B9740A-1A54-46AC-9DD3-66C12821683E}.Release|x86.ActiveCfg = Release|Any CPU
		{21B9740A-1A54-46AC-9DD3-66C12821683E}.Release|x86.Build.0 = Release|Any CPU
		{ED7D53B1-3265-4298-9183-8DC2A8677471}.Debug|Any CPU.ActiveCfg = Debug|Any CPU
		{ED7D53B1-3265-4298-9183-8DC2A8677471}.Debug|Any CPU.Build.0 = Debug|Any CPU
		{ED7D53B1-3265-4298-9183-8DC2A8677471}.Debug|x64.ActiveCfg = Debug|Any CPU
		{ED7D53B1-3265-4298-9183-8DC2A8677471}.Debug|x64.Build.0 = Debug|Any CPU
		{ED7D53B1-3265-4298-9183-8DC2A8677471}.Debug|x86.ActiveCfg = Debug|Any CPU
		{ED7D53B1-3265-4298-9183-8DC2A8677471}.Debug|x86.Build.0 = Debug|Any CPU
		{ED7D53B1-3265-4298-9183-8DC2A8677471}.Release|Any CPU.ActiveCfg = Release|Any CPU
		{ED7D53B1-3265-4298-9183-8DC2A8677471}.Release|Any CPU.Build.0 = Release|Any CPU
		{ED7D53B1-3265-4298-9183-8DC2A8677471}.Release|x64.ActiveCfg = Release|Any CPU
		{ED7D53B1-3265-4298-9183-8DC2A8677471}.Release|x64.Build.0 = Release|Any CPU
		{ED7D53B1-3265-4298-9183-8DC2A8677471}.Release|x86.ActiveCfg = Release|Any CPU
		{ED7D53B1-3265-4298-9183-8DC2A8677471}.Release|x86.Build.0 = Release|Any CPU
	EndGlobalSection
	GlobalSection(SolutionProperties) = preSolution
		HideSolutionNode = FALSE
	EndGlobalSection
	GlobalSection(NestedProjects) = preSolution
		{0AC04EDC-D2C7-4AB0-BE34-E61A565CDE78} = {90231C88-6A3F-430C-B87B-45F8EEBBDFF6}
		{D698CAA6-E2AD-42E2-9163-64AE9A85A26E} = {90231C88-6A3F-430C-B87B-45F8EEBBDFF6}
		{169600C4-03AF-4148-95BC-8ADD79FB5D58} = {90231C88-6A3F-430C-B87B-45F8EEBBDFF6}
	EndGlobalSection
	GlobalSection(ExtensibilityGlobals) = postSolution
		SolutionGuid = {69BA65DC-DAA2-4F9B-BFB4-7CAF5191180F}
	EndGlobalSection
EndGlobal
