
Microsoft Visual Studio Solution File, Format Version 12.00
# Visual Studio Version 16
VisualStudioVersion = 16.0.29609.76
MinimumVisualStudioVersion = 10.0.40219.1
Project("{FAE04EC0-301F-11D3-BF4B-00C04F79EFBC}") = "HDF.Framework.Text", "HDF.Framework.Text\HDF.Framework.Text.csproj", "{B390CCFF-051A-4E24-AF54-6E0EA3724141}"
EndProject
Project("{FAE04EC0-301F-11D3-BF4B-00C04F79EFBC}") = "HDF.Framework.Common", "HDF.Framework.Common\HDF.Framework.Common.csproj", "{5B41F4D7-87F6-4D4E-BE27-8AEFA4F1DDDE}"
EndProject
Project("{9A19103F-16F7-4668-BE54-9A1E7A4F7556}") = "HDF.Core.WebApi", "HDF.Core.WebApi\HDF.Core.WebApi.csproj", "{4B814BE6-B478-48D1-B9E7-7DC4A464A610}"
EndProject
Project("{FAE04EC0-301F-11D3-BF4B-00C04F79EFBC}") = "WindowsFormsApp2", "WindowsFormsApp2\WindowsFormsApp2.csproj", "{21B9740A-1A54-46AC-9DD3-66C12821683E}"
EndProject
Project("{9A19103F-16F7-4668-BE54-9A1E7A4F7556}") = "DataStructureAndAlgorithm", "DataStructureAndAlgorithm\DataStructureAndAlgorithm.csproj", "{653A939D-D136-4076-AAD1-DE6C0D97C142}"
EndProject
Project("{9A19103F-16F7-4668-BE54-9A1E7A4F7556}") = "HDF.CLI", "HDF.CLI\HDF.CLI.csproj", "{148B57DB-A401-460C-AF28-0A5255DE66A8}"
EndProject
Project("{FAE04EC0-301F-11D3-BF4B-00C04F79EFBC}") = "WindowsFormsApp1", "WindowsFormsApp1\WindowsFormsApp1.csproj", "{CD68BEC9-3E22-49F1-8405-8BF21547B7BE}"
EndProject
Project("{9A19103F-16F7-4668-BE54-9A1E7A4F7556}") = "WinFormsApp2", "WinFormsApp2\WinFormsApp2.csproj", "{ECC9B900-D11E-44C7-809E-DA15F94FE79D}"
EndProject
Project("{2150E333-8FDC-42A3-9474-1A3956D46DE8}") = "Example", "Example", "{F7468C1D-D4A8-4543-857C-F1FF36578445}"
EndProject
Project("{2150E333-8FDC-42A3-9474-1A3956D46DE8}") = "DCWriter", "DCWriter", "{E42A75EE-EC43-4CF9-8E8C-AF4AF605D2B6}"
EndProject
Project("{2150E333-8FDC-42A3-9474-1A3956D46DE8}") = "HCView", "HCView", "{27B26CF1-84C0-46BA-AC61-E4C90C98907C}"
EndProject
Project("{FAE04EC0-301F-11D3-BF4B-00C04F79EFBC}") = "DCSoft.Writer", "Example\DCWriter\DCSoft.Writer.Cleaned\DCSoft.Writer.csproj", "{4ED3CDE9-FF3A-4461-9282-D42737D8CFEA}"
EndProject
Project("{FAE04EC0-301F-11D3-BF4B-00C04F79EFBC}") = "DCSoft.WinFormDemo", "Example\DCWriter\DCSoft.WinFormDemo\DCSoft.WinFormDemo.csproj", "{4219BC56-BBD5-4958-AC62-7B629C6D642B}"
EndProject
Project("{FAE04EC0-301F-11D3-BF4B-00C04F79EFBC}") = "HCView", "Example\HCView\Source\HCView.csproj", "{101C0F99-3772-4F26-8F49-D753AE54A251}"
EndProject
Project("{FAE04EC0-301F-11D3-BF4B-00C04F79EFBC}") = "HCViewDemo", "Example\HCView\Demo\HCView\HCViewDemo.csproj", "{BE207AF6-E224-416E-93AE-3A3292E864B0}"
EndProject
Project("{FAE04EC0-301F-11D3-BF4B-00C04F79EFBC}") = "EMRViewDemo", "Example\HCView\Demo\EMRView\EMRViewDemo.csproj", "{427EC7B8-CBF1-4C50-ABFD-7A3A3B1892C0}"
EndProject
Project("{2150E333-8FDC-42A3-9474-1A3956D46DE8}") = "Miniblink", "Miniblink", "{9AD568C1-B179-43AA-8BBE-4F32CD016312}"
EndProject
Project("{FAE04EC0-301F-11D3-BF4B-00C04F79EFBC}") = "HDF.Miniblink", "Example\Miniblink\HDF.Miniblink\HDF.Miniblink.csproj", "{169600C4-03AF-4148-95BC-8ADD79FB5D58}"
EndProject
Project("{FAE04EC0-301F-11D3-BF4B-00C04F79EFBC}") = "Miniblink", "Example\Miniblink\Miniblink\Miniblink.csproj", "{0AC04EDC-D2C7-4AB0-BE34-E61A565CDE78}"
EndProject
Project("{FAE04EC0-301F-11D3-BF4B-00C04F79EFBC}") = "Miniblink.Demo", "Example\Miniblink\Miniblink.Demo\Miniblink.Demo.csproj", "{D698CAA6-E2AD-42E2-9163-64AE9A85A26E}"
EndProject
Project("{2150E333-8FDC-42A3-9474-1A3956D46DE8}") = "Nuget.Server", "Nuget.Server", "{CCD3CD05-D1D0-4266-88C5-B4A7446734B2}"
EndProject
Project("{FAE04EC0-301F-11D3-BF4B-00C04F79EFBC}") = "HDF.Nuget.Server", "Example\Nuget.Server\HDF.Nuget.Server\HDF.Nuget.Server.csproj", "{317C4C86-337B-4EF2-AC53-576F85B105DE}"
EndProject
Project("{2150E333-8FDC-42A3-9474-1A3956D46DE8}") = "ZYTextDocumentLib", "ZYTextDocumentLib", "{A141D3B3-4B9A-4805-9401-BF14E3D4890F}"
EndProject
Project("{FAE04EC0-301F-11D3-BF4B-00C04F79EFBC}") = "ZYTextDocumentLib", "Example\ZYTextDocumentLib\ZYTextDocumentLib.csproj", "{DC713C80-8DA5-40C4-85CD-E0B3169B009C}"
EndProject
Project("{2150E333-8FDC-42A3-9474-1A3956D46DE8}") = "TextRuler", "TextRuler", "{886A9353-9FBA-44E1-96F3-BC8B1F57DEE7}"
EndProject
Project("{FAE04EC0-301F-11D3-BF4B-00C04F79EFBC}") = "TextRuler", "Example\TextRuler\TextRuler.csproj", "{2B29C912-8BDA-4260-A486-111BECCCC196}"
EndProject
Global
	GlobalSection(SolutionConfigurationPlatforms) = preSolution
		Debug|Any CPU = Debug|Any CPU
		Debug|x64 = Debug|x64
		Debug|x86 = Debug|x86
		Release|Any CPU = Release|Any CPU
		Release|x64 = Release|x64
		Release|x86 = Release|x86
	EndGlobalSection
	GlobalSection(ProjectConfigurationPlatforms) = postSolution
		{B390CCFF-051A-4E24-AF54-6E0EA3724141}.Debug|Any CPU.ActiveCfg = Debug|Any CPU
		{B390CCFF-051A-4E24-AF54-6E0EA3724141}.Debug|Any CPU.Build.0 = Debug|Any CPU
		{B390CCFF-051A-4E24-AF54-6E0EA3724141}.Debug|x64.ActiveCfg = Debug|Any CPU
		{B390CCFF-051A-4E24-AF54-6E0EA3724141}.Debug|x64.Build.0 = Debug|Any CPU
		{B390CCFF-051A-4E24-AF54-6E0EA3724141}.Debug|x86.ActiveCfg = Debug|Any CPU
		{B390CCFF-051A-4E24-AF54-6E0EA3724141}.Debug|x86.Build.0 = Debug|Any CPU
		{B390CCFF-051A-4E24-AF54-6E0EA3724141}.Release|Any CPU.ActiveCfg = Release|Any CPU
		{B390CCFF-051A-4E24-AF54-6E0EA3724141}.Release|Any CPU.Build.0 = Release|Any CPU
		{B390CCFF-051A-4E24-AF54-6E0EA3724141}.Release|x64.ActiveCfg = Release|Any CPU
		{B390CCFF-051A-4E24-AF54-6E0EA3724141}.Release|x64.Build.0 = Release|Any CPU
		{B390CCFF-051A-4E24-AF54-6E0EA3724141}.Release|x86.ActiveCfg = Release|Any CPU
		{B390CCFF-051A-4E24-AF54-6E0EA3724141}.Release|x86.Build.0 = Release|Any CPU
		{5B41F4D7-87F6-4D4E-BE27-8AEFA4F1DDDE}.Debug|Any CPU.ActiveCfg = Debug|Any CPU
		{5B41F4D7-87F6-4D4E-BE27-8AEFA4F1DDDE}.Debug|Any CPU.Build.0 = Debug|Any CPU
		{5B41F4D7-87F6-4D4E-BE27-8AEFA4F1DDDE}.Debug|x64.ActiveCfg = Debug|Any CPU
		{5B41F4D7-87F6-4D4E-BE27-8AEFA4F1DDDE}.Debug|x64.Build.0 = Debug|Any CPU
		{5B41F4D7-87F6-4D4E-BE27-8AEFA4F1DDDE}.Debug|x86.ActiveCfg = Debug|Any CPU
		{5B41F4D7-87F6-4D4E-BE27-8AEFA4F1DDDE}.Debug|x86.Build.0 = Debug|Any CPU
		{5B41F4D7-87F6-4D4E-BE27-8AEFA4F1DDDE}.Release|Any CPU.ActiveCfg = Release|Any CPU
		{5B41F4D7-87F6-4D4E-BE27-8AEFA4F1DDDE}.Release|Any CPU.Build.0 = Release|Any CPU
		{5B41F4D7-87F6-4D4E-BE27-8AEFA4F1DDDE}.Release|x64.ActiveCfg = Release|Any CPU
		{5B41F4D7-87F6-4D4E-BE27-8AEFA4F1DDDE}.Release|x64.Build.0 = Release|Any CPU
		{5B41F4D7-87F6-4D4E-BE27-8AEFA4F1DDDE}.Release|x86.ActiveCfg = Release|Any CPU
		{5B41F4D7-87F6-4D4E-BE27-8AEFA4F1DDDE}.Release|x86.Build.0 = Release|Any CPU
		{4B814BE6-B478-48D1-B9E7-7DC4A464A610}.Debug|Any CPU.ActiveCfg = Debug|Any CPU
		{4B814BE6-B478-48D1-B9E7-7DC4A464A610}.Debug|Any CPU.Build.0 = Debug|Any CPU
		{4B814BE6-B478-48D1-B9E7-7DC4A464A610}.Debug|x64.ActiveCfg = Debug|Any CPU
		{4B814BE6-B478-48D1-B9E7-7DC4A464A610}.Debug|x64.Build.0 = Debug|Any CPU
		{4B814BE6-B478-48D1-B9E7-7DC4A464A610}.Debug|x86.ActiveCfg = Debug|Any CPU
		{4B814BE6-B478-48D1-B9E7-7DC4A464A610}.Debug|x86.Build.0 = Debug|Any CPU
		{4B814BE6-B478-48D1-B9E7-7DC4A464A610}.Release|Any CPU.ActiveCfg = Release|Any CPU
		{4B814BE6-B478-48D1-B9E7-7DC4A464A610}.Release|Any CPU.Build.0 = Release|Any CPU
		{4B814BE6-B478-48D1-B9E7-7DC4A464A610}.Release|x64.ActiveCfg = Release|Any CPU
		{4B814BE6-B478-48D1-B9E7-7DC4A464A610}.Release|x64.Build.0 = Release|Any CPU
		{4B814BE6-B478-48D1-B9E7-7DC4A464A610}.Release|x86.ActiveCfg = Release|Any CPU
		{4B814BE6-B478-48D1-B9E7-7DC4A464A610}.Release|x86.Build.0 = Release|Any CPU
		{21B9740A-1A54-46AC-9DD3-66C12821683E}.Debug|Any CPU.ActiveCfg = Debug|Any CPU
		{21B9740A-1A54-46AC-9DD3-66C12821683E}.Debug|Any CPU.Build.0 = Debug|Any CPU
		{21B9740A-1A54-46AC-9DD3-66C12821683E}.Debug|x64.ActiveCfg = Debug|Any CPU
		{21B9740A-1A54-46AC-9DD3-66C12821683E}.Debug|x64.Build.0 = Debug|Any CPU
		{21B9740A-1A54-46AC-9DD3-66C12821683E}.Debug|x86.ActiveCfg = Debug|Any CPU
		{21B9740A-1A54-46AC-9DD3-66C12821683E}.Debug|x86.Build.0 = Debug|Any CPU
		{21B9740A-1A54-46AC-9DD3-66C12821683E}.Release|Any CPU.ActiveCfg = Release|Any CPU
		{21B9740A-1A54-46AC-9DD3-66C12821683E}.Release|Any CPU.Build.0 = Release|Any CPU
		{21B9740A-1A54-46AC-9DD3-66C12821683E}.Release|x64.ActiveCfg = Release|Any CPU
		{21B9740A-1A54-46AC-9DD3-66C12821683E}.Release|x64.Build.0 = Release|Any CPU
		{21B9740A-1A54-46AC-9DD3-66C12821683E}.Release|x86.ActiveCfg = Release|Any CPU
		{21B9740A-1A54-46AC-9DD3-66C12821683E}.Release|x86.Build.0 = Release|Any CPU
		{653A939D-D136-4076-AAD1-DE6C0D97C142}.Debug|Any CPU.ActiveCfg = Debug|Any CPU
		{653A939D-D136-4076-AAD1-DE6C0D97C142}.Debug|Any CPU.Build.0 = Debug|Any CPU
		{653A939D-D136-4076-AAD1-DE6C0D97C142}.Debug|x64.ActiveCfg = Debug|Any CPU
		{653A939D-D136-4076-AAD1-DE6C0D97C142}.Debug|x64.Build.0 = Debug|Any CPU
		{653A939D-D136-4076-AAD1-DE6C0D97C142}.Debug|x86.ActiveCfg = Debug|Any CPU
		{653A939D-D136-4076-AAD1-DE6C0D97C142}.Debug|x86.Build.0 = Debug|Any CPU
		{653A939D-D136-4076-AAD1-DE6C0D97C142}.Release|Any CPU.ActiveCfg = Release|Any CPU
		{653A939D-D136-4076-AAD1-DE6C0D97C142}.Release|Any CPU.Build.0 = Release|Any CPU
		{653A939D-D136-4076-AAD1-DE6C0D97C142}.Release|x64.ActiveCfg = Release|Any CPU
		{653A939D-D136-4076-AAD1-DE6C0D97C142}.Release|x64.Build.0 = Release|Any CPU
		{653A939D-D136-4076-AAD1-DE6C0D97C142}.Release|x86.ActiveCfg = Release|Any CPU
		{653A939D-D136-4076-AAD1-DE6C0D97C142}.Release|x86.Build.0 = Release|Any CPU
		{148B57DB-A401-460C-AF28-0A5255DE66A8}.Debug|Any CPU.ActiveCfg = Debug|Any CPU
		{148B57DB-A401-460C-AF28-0A5255DE66A8}.Debug|Any CPU.Build.0 = Debug|Any CPU
		{148B57DB-A401-460C-AF28-0A5255DE66A8}.Debug|x64.ActiveCfg = Debug|Any CPU
		{148B57DB-A401-460C-AF28-0A5255DE66A8}.Debug|x64.Build.0 = Debug|Any CPU
		{148B57DB-A401-460C-AF28-0A5255DE66A8}.Debug|x86.ActiveCfg = Debug|Any CPU
		{148B57DB-A401-460C-AF28-0A5255DE66A8}.Debug|x86.Build.0 = Debug|Any CPU
		{148B57DB-A401-460C-AF28-0A5255DE66A8}.Release|Any CPU.ActiveCfg = Release|Any CPU
		{148B57DB-A401-460C-AF28-0A5255DE66A8}.Release|Any CPU.Build.0 = Release|Any CPU
		{148B57DB-A401-460C-AF28-0A5255DE66A8}.Release|x64.ActiveCfg = Release|Any CPU
		{148B57DB-A401-460C-AF28-0A5255DE66A8}.Release|x64.Build.0 = Release|Any CPU
		{148B57DB-A401-460C-AF28-0A5255DE66A8}.Release|x86.ActiveCfg = Release|Any CPU
		{148B57DB-A401-460C-AF28-0A5255DE66A8}.Release|x86.Build.0 = Release|Any CPU
		{CD68BEC9-3E22-49F1-8405-8BF21547B7BE}.Debug|Any CPU.ActiveCfg = Debug|Any CPU
		{CD68BEC9-3E22-49F1-8405-8BF21547B7BE}.Debug|Any CPU.Build.0 = Debug|Any CPU
		{CD68BEC9-3E22-49F1-8405-8BF21547B7BE}.Debug|x64.ActiveCfg = Debug|Any CPU
		{CD68BEC9-3E22-49F1-8405-8BF21547B7BE}.Debug|x64.Build.0 = Debug|Any CPU
		{CD68BEC9-3E22-49F1-8405-8BF21547B7BE}.Debug|x86.ActiveCfg = Debug|Any CPU
		{CD68BEC9-3E22-49F1-8405-8BF21547B7BE}.Debug|x86.Build.0 = Debug|Any CPU
		{CD68BEC9-3E22-49F1-8405-8BF21547B7BE}.Release|Any CPU.ActiveCfg = Release|Any CPU
		{CD68BEC9-3E22-49F1-8405-8BF21547B7BE}.Release|Any CPU.Build.0 = Release|Any CPU
		{CD68BEC9-3E22-49F1-8405-8BF21547B7BE}.Release|x64.ActiveCfg = Release|Any CPU
		{CD68BEC9-3E22-49F1-8405-8BF21547B7BE}.Release|x64.Build.0 = Release|Any CPU
		{CD68BEC9-3E22-49F1-8405-8BF21547B7BE}.Release|x86.ActiveCfg = Release|Any CPU
		{CD68BEC9-3E22-49F1-8405-8BF21547B7BE}.Release|x86.Build.0 = Release|Any CPU
		{ECC9B900-D11E-44C7-809E-DA15F94FE79D}.Debug|Any CPU.ActiveCfg = Debug|Any CPU
		{ECC9B900-D11E-44C7-809E-DA15F94FE79D}.Debug|Any CPU.Build.0 = Debug|Any CPU
		{ECC9B900-D11E-44C7-809E-DA15F94FE79D}.Debug|x64.ActiveCfg = Debug|Any CPU
		{ECC9B900-D11E-44C7-809E-DA15F94FE79D}.Debug|x64.Build.0 = Debug|Any CPU
		{ECC9B900-D11E-44C7-809E-DA15F94FE79D}.Debug|x86.ActiveCfg = Debug|Any CPU
		{ECC9B900-D11E-44C7-809E-DA15F94FE79D}.Debug|x86.Build.0 = Debug|Any CPU
		{ECC9B900-D11E-44C7-809E-DA15F94FE79D}.Release|Any CPU.ActiveCfg = Release|Any CPU
		{ECC9B900-D11E-44C7-809E-DA15F94FE79D}.Release|Any CPU.Build.0 = Release|Any CPU
		{ECC9B900-D11E-44C7-809E-DA15F94FE79D}.Release|x64.ActiveCfg = Release|Any CPU
		{ECC9B900-D11E-44C7-809E-DA15F94FE79D}.Release|x64.Build.0 = Release|Any CPU
		{ECC9B900-D11E-44C7-809E-DA15F94FE79D}.Release|x86.ActiveCfg = Release|Any CPU
		{ECC9B900-D11E-44C7-809E-DA15F94FE79D}.Release|x86.Build.0 = Release|Any CPU
		{4ED3CDE9-FF3A-4461-9282-D42737D8CFEA}.Debug|Any CPU.ActiveCfg = Debug|Any CPU
		{4ED3CDE9-FF3A-4461-9282-D42737D8CFEA}.Debug|Any CPU.Build.0 = Debug|Any CPU
		{4ED3CDE9-FF3A-4461-9282-D42737D8CFEA}.Debug|x64.ActiveCfg = Debug|Any CPU
		{4ED3CDE9-FF3A-4461-9282-D42737D8CFEA}.Debug|x64.Build.0 = Debug|Any CPU
		{4ED3CDE9-FF3A-4461-9282-D42737D8CFEA}.Debug|x86.ActiveCfg = Debug|Any CPU
		{4ED3CDE9-FF3A-4461-9282-D42737D8CFEA}.Debug|x86.Build.0 = Debug|Any CPU
		{4ED3CDE9-FF3A-4461-9282-D42737D8CFEA}.Release|Any CPU.ActiveCfg = Release|Any CPU
		{4ED3CDE9-FF3A-4461-9282-D42737D8CFEA}.Release|Any CPU.Build.0 = Release|Any CPU
		{4ED3CDE9-FF3A-4461-9282-D42737D8CFEA}.Release|x64.ActiveCfg = Release|Any CPU
		{4ED3CDE9-FF3A-4461-9282-D42737D8CFEA}.Release|x64.Build.0 = Release|Any CPU
		{4ED3CDE9-FF3A-4461-9282-D42737D8CFEA}.Release|x86.ActiveCfg = Release|Any CPU
		{4ED3CDE9-FF3A-4461-9282-D42737D8CFEA}.Release|x86.Build.0 = Release|Any CPU
		{4219BC56-BBD5-4958-AC62-7B629C6D642B}.Debug|Any CPU.ActiveCfg = Debug|Any CPU
		{4219BC56-BBD5-4958-AC62-7B629C6D642B}.Debug|Any CPU.Build.0 = Debug|Any CPU
		{4219BC56-BBD5-4958-AC62-7B629C6D642B}.Debug|x64.ActiveCfg = Debug|Any CPU
		{4219BC56-BBD5-4958-AC62-7B629C6D642B}.Debug|x64.Build.0 = Debug|Any CPU
		{4219BC56-BBD5-4958-AC62-7B629C6D642B}.Debug|x86.ActiveCfg = Debug|Any CPU
		{4219BC56-BBD5-4958-AC62-7B629C6D642B}.Debug|x86.Build.0 = Debug|Any CPU
		{4219BC56-BBD5-4958-AC62-7B629C6D642B}.Release|Any CPU.ActiveCfg = Release|Any CPU
		{4219BC56-BBD5-4958-AC62-7B629C6D642B}.Release|Any CPU.Build.0 = Release|Any CPU
		{4219BC56-BBD5-4958-AC62-7B629C6D642B}.Release|x64.ActiveCfg = Release|Any CPU
		{4219BC56-BBD5-4958-AC62-7B629C6D642B}.Release|x64.Build.0 = Release|Any CPU
		{4219BC56-BBD5-4958-AC62-7B629C6D642B}.Release|x86.ActiveCfg = Release|Any CPU
		{4219BC56-BBD5-4958-AC62-7B629C6D642B}.Release|x86.Build.0 = Release|Any CPU
		{101C0F99-3772-4F26-8F49-D753AE54A251}.Debug|Any CPU.ActiveCfg = Debug|Any CPU
		{101C0F99-3772-4F26-8F49-D753AE54A251}.Debug|Any CPU.Build.0 = Debug|Any CPU
		{101C0F99-3772-4F26-8F49-D753AE54A251}.Debug|x64.ActiveCfg = Debug|Any CPU
		{101C0F99-3772-4F26-8F49-D753AE54A251}.Debug|x64.Build.0 = Debug|Any CPU
		{101C0F99-3772-4F26-8F49-D753AE54A251}.Debug|x86.ActiveCfg = Debug|x86
		{101C0F99-3772-4F26-8F49-D753AE54A251}.Debug|x86.Build.0 = Debug|x86
		{101C0F99-3772-4F26-8F49-D753AE54A251}.Release|Any CPU.ActiveCfg = Release|Any CPU
		{101C0F99-3772-4F26-8F49-D753AE54A251}.Release|Any CPU.Build.0 = Release|Any CPU
		{101C0F99-3772-4F26-8F49-D753AE54A251}.Release|x64.ActiveCfg = Release|Any CPU
		{101C0F99-3772-4F26-8F49-D753AE54A251}.Release|x64.Build.0 = Release|Any CPU
		{101C0F99-3772-4F26-8F49-D753AE54A251}.Release|x86.ActiveCfg = Release|x86
		{101C0F99-3772-4F26-8F49-D753AE54A251}.Release|x86.Build.0 = Release|x86
		{BE207AF6-E224-416E-93AE-3A3292E864B0}.Debug|Any CPU.ActiveCfg = Debug|x86
		{BE207AF6-E224-416E-93AE-3A3292E864B0}.Debug|x64.ActiveCfg = Debug|x86
		{BE207AF6-E224-416E-93AE-3A3292E864B0}.Debug|x86.ActiveCfg = Debug|x86
		{BE207AF6-E224-416E-93AE-3A3292E864B0}.Debug|x86.Build.0 = Debug|x86
		{BE207AF6-E224-416E-93AE-3A3292E864B0}.Release|Any CPU.ActiveCfg = Release|x86
		{BE207AF6-E224-416E-93AE-3A3292E864B0}.Release|x64.ActiveCfg = Release|x86
		{BE207AF6-E224-416E-93AE-3A3292E864B0}.Release|x86.ActiveCfg = Release|x86
		{BE207AF6-E224-416E-93AE-3A3292E864B0}.Release|x86.Build.0 = Release|x86
		{427EC7B8-CBF1-4C50-ABFD-7A3A3B1892C0}.Debug|Any CPU.ActiveCfg = Debug|x86
		{427EC7B8-CBF1-4C50-ABFD-7A3A3B1892C0}.Debug|x64.ActiveCfg = Debug|x86
		{427EC7B8-CBF1-4C50-ABFD-7A3A3B1892C0}.Debug|x86.ActiveCfg = Debug|x86
		{427EC7B8-CBF1-4C50-ABFD-7A3A3B1892C0}.Debug|x86.Build.0 = Debug|x86
		{427EC7B8-CBF1-4C50-ABFD-7A3A3B1892C0}.Release|Any CPU.ActiveCfg = Release|x86
		{427EC7B8-CBF1-4C50-ABFD-7A3A3B1892C0}.Release|x64.ActiveCfg = Release|x86
		{427EC7B8-CBF1-4C50-ABFD-7A3A3B1892C0}.Release|x86.ActiveCfg = Release|x86
		{427EC7B8-CBF1-4C50-ABFD-7A3A3B1892C0}.Release|x86.Build.0 = Release|x86
		{169600C4-03AF-4148-95BC-8ADD79FB5D58}.Debug|Any CPU.ActiveCfg = Debug|Any CPU
		{169600C4-03AF-4148-95BC-8ADD79FB5D58}.Debug|Any CPU.Build.0 = Debug|Any CPU
		{169600C4-03AF-4148-95BC-8ADD79FB5D58}.Debug|x64.ActiveCfg = Debug|Any CPU
		{169600C4-03AF-4148-95BC-8ADD79FB5D58}.Debug|x64.Build.0 = Debug|Any CPU
		{169600C4-03AF-4148-95BC-8ADD79FB5D58}.Debug|x86.ActiveCfg = Debug|Any CPU
		{169600C4-03AF-4148-95BC-8ADD79FB5D58}.Debug|x86.Build.0 = Debug|Any CPU
		{169600C4-03AF-4148-95BC-8ADD79FB5D58}.Release|Any CPU.ActiveCfg = Release|Any CPU
		{169600C4-03AF-4148-95BC-8ADD79FB5D58}.Release|Any CPU.Build.0 = Release|Any CPU
		{169600C4-03AF-4148-95BC-8ADD79FB5D58}.Release|x64.ActiveCfg = Release|Any CPU
		{169600C4-03AF-4148-95BC-8ADD79FB5D58}.Release|x64.Build.0 = Release|Any CPU
		{169600C4-03AF-4148-95BC-8ADD79FB5D58}.Release|x86.ActiveCfg = Release|Any CPU
		{169600C4-03AF-4148-95BC-8ADD79FB5D58}.Release|x86.Build.0 = Release|Any CPU
		{0AC04EDC-D2C7-4AB0-BE34-E61A565CDE78}.Debug|Any CPU.ActiveCfg = Debug|Any CPU
		{0AC04EDC-D2C7-4AB0-BE34-E61A565CDE78}.Debug|Any CPU.Build.0 = Debug|Any CPU
		{0AC04EDC-D2C7-4AB0-BE34-E61A565CDE78}.Debug|x64.ActiveCfg = Debug|Any CPU
		{0AC04EDC-D2C7-4AB0-BE34-E61A565CDE78}.Debug|x64.Build.0 = Debug|Any CPU
		{0AC04EDC-D2C7-4AB0-BE34-E61A565CDE78}.Debug|x86.ActiveCfg = Debug|Any CPU
		{0AC04EDC-D2C7-4AB0-BE34-E61A565CDE78}.Debug|x86.Build.0 = Debug|Any CPU
		{0AC04EDC-D2C7-4AB0-BE34-E61A565CDE78}.Release|Any CPU.ActiveCfg = Release|Any CPU
		{0AC04EDC-D2C7-4AB0-BE34-E61A565CDE78}.Release|Any CPU.Build.0 = Release|Any CPU
		{0AC04EDC-D2C7-4AB0-BE34-E61A565CDE78}.Release|x64.ActiveCfg = Release|Any CPU
		{0AC04EDC-D2C7-4AB0-BE34-E61A565CDE78}.Release|x64.Build.0 = Release|Any CPU
		{0AC04EDC-D2C7-4AB0-BE34-E61A565CDE78}.Release|x86.ActiveCfg = Release|Any CPU
		{0AC04EDC-D2C7-4AB0-BE34-E61A565CDE78}.Release|x86.Build.0 = Release|Any CPU
		{D698CAA6-E2AD-42E2-9163-64AE9A85A26E}.Debug|Any CPU.ActiveCfg = Debug|Any CPU
		{D698CAA6-E2AD-42E2-9163-64AE9A85A26E}.Debug|Any CPU.Build.0 = Debug|Any CPU
		{D698CAA6-E2AD-42E2-9163-64AE9A85A26E}.Debug|x64.ActiveCfg = Debug|Any CPU
		{D698CAA6-E2AD-42E2-9163-64AE9A85A26E}.Debug|x64.Build.0 = Debug|Any CPU
		{D698CAA6-E2AD-42E2-9163-64AE9A85A26E}.Debug|x86.ActiveCfg = Debug|Any CPU
		{D698CAA6-E2AD-42E2-9163-64AE9A85A26E}.Debug|x86.Build.0 = Debug|Any CPU
		{D698CAA6-E2AD-42E2-9163-64AE9A85A26E}.Release|Any CPU.ActiveCfg = Release|Any CPU
		{D698CAA6-E2AD-42E2-9163-64AE9A85A26E}.Release|Any CPU.Build.0 = Release|Any CPU
		{D698CAA6-E2AD-42E2-9163-64AE9A85A26E}.Release|x64.ActiveCfg = Release|Any CPU
		{D698CAA6-E2AD-42E2-9163-64AE9A85A26E}.Release|x64.Build.0 = Release|Any CPU
		{D698CAA6-E2AD-42E2-9163-64AE9A85A26E}.Release|x86.ActiveCfg = Release|Any CPU
		{D698CAA6-E2AD-42E2-9163-64AE9A85A26E}.Release|x86.Build.0 = Release|Any CPU
		{317C4C86-337B-4EF2-AC53-576F85B105DE}.Debug|Any CPU.ActiveCfg = Debug|Any CPU
		{317C4C86-337B-4EF2-AC53-576F85B105DE}.Debug|Any CPU.Build.0 = Debug|Any CPU
		{317C4C86-337B-4EF2-AC53-576F85B105DE}.Debug|x64.ActiveCfg = Debug|Any CPU
		{317C4C86-337B-4EF2-AC53-576F85B105DE}.Debug|x64.Build.0 = Debug|Any CPU
		{317C4C86-337B-4EF2-AC53-576F85B105DE}.Debug|x86.ActiveCfg = Debug|Any CPU
		{317C4C86-337B-4EF2-AC53-576F85B105DE}.Debug|x86.Build.0 = Debug|Any CPU
		{317C4C86-337B-4EF2-AC53-576F85B105DE}.Release|Any CPU.ActiveCfg = Release|Any CPU
		{317C4C86-337B-4EF2-AC53-576F85B105DE}.Release|Any CPU.Build.0 = Release|Any CPU
		{317C4C86-337B-4EF2-AC53-576F85B105DE}.Release|x64.ActiveCfg = Release|Any CPU
		{317C4C86-337B-4EF2-AC53-576F85B105DE}.Release|x64.Build.0 = Release|Any CPU
		{317C4C86-337B-4EF2-AC53-576F85B105DE}.Release|x86.ActiveCfg = Release|Any CPU
		{317C4C86-337B-4EF2-AC53-576F85B105DE}.Release|x86.Build.0 = Release|Any CPU
		{DC713C80-8DA5-40C4-85CD-E0B3169B009C}.Debug|Any CPU.ActiveCfg = Debug|Any CPU
		{DC713C80-8DA5-40C4-85CD-E0B3169B009C}.Debug|Any CPU.Build.0 = Debug|Any CPU
		{DC713C80-8DA5-40C4-85CD-E0B3169B009C}.Debug|x64.ActiveCfg = Debug|Any CPU
		{DC713C80-8DA5-40C4-85CD-E0B3169B009C}.Debug|x64.Build.0 = Debug|Any CPU
		{DC713C80-8DA5-40C4-85CD-E0B3169B009C}.Debug|x86.ActiveCfg = Debug|Any CPU
		{DC713C80-8DA5-40C4-85CD-E0B3169B009C}.Debug|x86.Build.0 = Debug|Any CPU
		{DC713C80-8DA5-40C4-85CD-E0B3169B009C}.Release|Any CPU.ActiveCfg = Release|Any CPU
		{DC713C80-8DA5-40C4-85CD-E0B3169B009C}.Release|Any CPU.Build.0 = Release|Any CPU
		{DC713C80-8DA5-40C4-85CD-E0B3169B009C}.Release|x64.ActiveCfg = Release|Any CPU
		{DC713C80-8DA5-40C4-85CD-E0B3169B009C}.Release|x64.Build.0 = Release|Any CPU
		{DC713C80-8DA5-40C4-85CD-E0B3169B009C}.Release|x86.ActiveCfg = Release|Any CPU
		{DC713C80-8DA5-40C4-85CD-E0B3169B009C}.Release|x86.Build.0 = Release|Any CPU
		{2B29C912-8BDA-4260-A486-111BECCCC196}.Debug|Any CPU.ActiveCfg = Debug|Any CPU
		{2B29C912-8BDA-4260-A486-111BECCCC196}.Debug|Any CPU.Build.0 = Debug|Any CPU
		{2B29C912-8BDA-4260-A486-111BECCCC196}.Debug|x64.ActiveCfg = Debug|Any CPU
		{2B29C912-8BDA-4260-A486-111BECCCC196}.Debug|x64.Build.0 = Debug|Any CPU
		{2B29C912-8BDA-4260-A486-111BECCCC196}.Debug|x86.ActiveCfg = Debug|Any CPU
		{2B29C912-8BDA-4260-A486-111BECCCC196}.Debug|x86.Build.0 = Debug|Any CPU
		{2B29C912-8BDA-4260-A486-111BECCCC196}.Release|Any CPU.ActiveCfg = Release|Any CPU
		{2B29C912-8BDA-4260-A486-111BECCCC196}.Release|Any CPU.Build.0 = Release|Any CPU
		{2B29C912-8BDA-4260-A486-111BECCCC196}.Release|x64.ActiveCfg = Release|Any CPU
		{2B29C912-8BDA-4260-A486-111BECCCC196}.Release|x64.Build.0 = Release|Any CPU
		{2B29C912-8BDA-4260-A486-111BECCCC196}.Release|x86.ActiveCfg = Release|Any CPU
		{2B29C912-8BDA-4260-A486-111BECCCC196}.Release|x86.Build.0 = Release|Any CPU
	EndGlobalSection
	GlobalSection(SolutionProperties) = preSolution
		HideSolutionNode = FALSE
	EndGlobalSection
	GlobalSection(NestedProjects) = preSolution
		{E42A75EE-EC43-4CF9-8E8C-AF4AF605D2B6} = {F7468C1D-D4A8-4543-857C-F1FF36578445}
		{27B26CF1-84C0-46BA-AC61-E4C90C98907C} = {F7468C1D-D4A8-4543-857C-F1FF36578445}
		{4ED3CDE9-FF3A-4461-9282-D42737D8CFEA} = {E42A75EE-EC43-4CF9-8E8C-AF4AF605D2B6}
		{4219BC56-BBD5-4958-AC62-7B629C6D642B} = {E42A75EE-EC43-4CF9-8E8C-AF4AF605D2B6}
		{101C0F99-3772-4F26-8F49-D753AE54A251} = {27B26CF1-84C0-46BA-AC61-E4C90C98907C}
		{BE207AF6-E224-416E-93AE-3A3292E864B0} = {27B26CF1-84C0-46BA-AC61-E4C90C98907C}
		{427EC7B8-CBF1-4C50-ABFD-7A3A3B1892C0} = {27B26CF1-84C0-46BA-AC61-E4C90C98907C}
		{9AD568C1-B179-43AA-8BBE-4F32CD016312} = {F7468C1D-D4A8-4543-857C-F1FF36578445}
		{169600C4-03AF-4148-95BC-8ADD79FB5D58} = {9AD568C1-B179-43AA-8BBE-4F32CD016312}
		{0AC04EDC-D2C7-4AB0-BE34-E61A565CDE78} = {9AD568C1-B179-43AA-8BBE-4F32CD016312}
		{D698CAA6-E2AD-42E2-9163-64AE9A85A26E} = {9AD568C1-B179-43AA-8BBE-4F32CD016312}
		{CCD3CD05-D1D0-4266-88C5-B4A7446734B2} = {F7468C1D-D4A8-4543-857C-F1FF36578445}
		{317C4C86-337B-4EF2-AC53-576F85B105DE} = {CCD3CD05-D1D0-4266-88C5-B4A7446734B2}
		{A141D3B3-4B9A-4805-9401-BF14E3D4890F} = {F7468C1D-D4A8-4543-857C-F1FF36578445}
		{DC713C80-8DA5-40C4-85CD-E0B3169B009C} = {A141D3B3-4B9A-4805-9401-BF14E3D4890F}
		{886A9353-9FBA-44E1-96F3-BC8B1F57DEE7} = {F7468C1D-D4A8-4543-857C-F1FF36578445}
		{2B29C912-8BDA-4260-A486-111BECCCC196} = {886A9353-9FBA-44E1-96F3-BC8B1F57DEE7}
	EndGlobalSection
	GlobalSection(ExtensibilityGlobals) = postSolution
		SolutionGuid = {69BA65DC-DAA2-4F9B-BFB4-7CAF5191180F}
	EndGlobalSection
EndGlobal
